// !$*UTF8*$!
{
	archiveVersion = 1;
	classes = {
	};
	objectVersion = 52;
	objects = {

/* Begin PBXBuildFile section */
		33498AAA2352D4F500D1A8BC /* Action.swift in Sources */ = {isa = PBXBuildFile; fileRef = 33498AA92352D4F500D1A8BC /* Action.swift */; };
		33498AAC2352D50000D1A8BC /* ReduxState.swift in Sources */ = {isa = PBXBuildFile; fileRef = 33498AAB2352D50000D1A8BC /* ReduxState.swift */; };
		33498AAE2352D50F00D1A8BC /* Reducer.swift in Sources */ = {isa = PBXBuildFile; fileRef = 33498AAD2352D50F00D1A8BC /* Reducer.swift */; };
		33498AB02352D56000D1A8BC /* AsyncAction.swift in Sources */ = {isa = PBXBuildFile; fileRef = 33498AAF2352D56000D1A8BC /* AsyncAction.swift */; };
		33498AB22352D5A700D1A8BC /* Dispatch.swift in Sources */ = {isa = PBXBuildFile; fileRef = 33498AB12352D5A700D1A8BC /* Dispatch.swift */; };
		33953C00235247AD000AED79 /* GitHubNotificationManager.xcdatamodeld in Sources */ = {isa = PBXBuildFile; fileRef = 33953BFE235247AD000AED79 /* GitHubNotificationManager.xcdatamodeld */; };
		33B929472351980A00CBD088 /* NavigationBarTitleModifier.swift in Sources */ = {isa = PBXBuildFile; fileRef = 33B929462351980A00CBD088 /* NavigationBarTitleModifier.swift */; };
		33B92955235219D100CBD088 /* WatchingEntity+CoreDataClass.swift in Sources */ = {isa = PBXBuildFile; fileRef = 33B9294B2351DB2400CBD088 /* WatchingEntity+CoreDataClass.swift */; };
		33B9295623521AF600CBD088 /* WatchingOwnerEntity+CoreDataClass.swift in Sources */ = {isa = PBXBuildFile; fileRef = 33B9294F2351DC9300CBD088 /* WatchingOwnerEntity+CoreDataClass.swift */; };
		33B9295B2352391600CBD088 /* WatchingOwnerEntity+CoreDataProperties.swift in Sources */ = {isa = PBXBuildFile; fileRef = 33B929592352391600CBD088 /* WatchingOwnerEntity+CoreDataProperties.swift */; };
		33B9295C2352391600CBD088 /* WatchingEntity+CoreDataProperties.swift in Sources */ = {isa = PBXBuildFile; fileRef = 33B9295A2352391600CBD088 /* WatchingEntity+CoreDataProperties.swift */; };
		33B9295E23523A9700CBD088 /* NSManagedObjectExtensions.swift in Sources */ = {isa = PBXBuildFile; fileRef = 33B9295D23523A9700CBD088 /* NSManagedObjectExtensions.swift */; };
		BA1D70E822A9D42F000F83A1 /* ImageLoaderView.swift in Sources */ = {isa = PBXBuildFile; fileRef = BA1D70E722A9D42F000F83A1 /* ImageLoaderView.swift */; };
		BA1D70EA22A9D5BE000F83A1 /* ImageLoaderViewModel.swift in Sources */ = {isa = PBXBuildFile; fileRef = BA1D70E922A9D5BE000F83A1 /* ImageLoaderViewModel.swift */; };
		BA357A1422B4C41300549BA0 /* SafariView.swift in Sources */ = {isa = PBXBuildFile; fileRef = BA357A1322B4C41300549BA0 /* SafariView.swift */; };
		BA357A1622B56BA800549BA0 /* SearchBar.swift in Sources */ = {isa = PBXBuildFile; fileRef = BA357A1522B56BA800549BA0 /* SearchBar.swift */; };
		BA417D1122A9DF4E0041B3C3 /* DebugInfo.swift in Sources */ = {isa = PBXBuildFile; fileRef = BA417D1022A9DF4E0041B3C3 /* DebugInfo.swift */; };
		BA417D1522A9E2BA0041B3C3 /* HUD.swift in Sources */ = {isa = PBXBuildFile; fileRef = BA417D1422A9E2BA0041B3C3 /* HUD.swift */; };
		BA417D1922A9E6FB0041B3C3 /* HUDViewModel.swift in Sources */ = {isa = PBXBuildFile; fileRef = BA417D1822A9E6FB0041B3C3 /* HUDViewModel.swift */; };
		BA602C452348C8A0003C281C /* UserDefaultsGenerator.generated.swift in Sources */ = {isa = PBXBuildFile; fileRef = BA602C442348C8A0003C281C /* UserDefaultsGenerator.generated.swift */; };
		BA602C482348E6C5003C281C /* NetworkConfig.swift in Sources */ = {isa = PBXBuildFile; fileRef = BA602C462348E68A003C281C /* NetworkConfig.swift */; };
		BA60426C22A7409300345259 /* AppDelegate.swift in Sources */ = {isa = PBXBuildFile; fileRef = BA60426B22A7409300345259 /* AppDelegate.swift */; };
		BA60426E22A7409300345259 /* SceneDelegate.swift in Sources */ = {isa = PBXBuildFile; fileRef = BA60426D22A7409300345259 /* SceneDelegate.swift */; };
		BA60427222A7409400345259 /* Assets.xcassets in Resources */ = {isa = PBXBuildFile; fileRef = BA60427122A7409400345259 /* Assets.xcassets */; };
		BA60427522A7409400345259 /* Preview Assets.xcassets in Resources */ = {isa = PBXBuildFile; fileRef = BA60427422A7409400345259 /* Preview Assets.xcassets */; };
		BA60427822A7409400345259 /* LaunchScreen.storyboard in Resources */ = {isa = PBXBuildFile; fileRef = BA60427622A7409400345259 /* LaunchScreen.storyboard */; };
		BA60428322A7409400345259 /* GitHubNotificationManagerTests.swift in Sources */ = {isa = PBXBuildFile; fileRef = BA60428222A7409400345259 /* GitHubNotificationManagerTests.swift */; };
		BA60428E22A7409400345259 /* GitHubNotificationManagerUITests.swift in Sources */ = {isa = PBXBuildFile; fileRef = BA60428D22A7409400345259 /* GitHubNotificationManagerUITests.swift */; };
		BA6042DB22A7CAD500345259 /* Core.h in Headers */ = {isa = PBXBuildFile; fileRef = BA6042CB22A7CAD500345259 /* Core.h */; settings = {ATTRIBUTES = (Public, ); }; };
		BA6042DE22A7CAD500345259 /* GitHubNotificationManagerCore.framework in Frameworks */ = {isa = PBXBuildFile; fileRef = BA6042C922A7CAD500345259 /* GitHubNotificationManagerCore.framework */; };
		BA6042DF22A7CAD500345259 /* GitHubNotificationManagerCore.framework in Embed Frameworks */ = {isa = PBXBuildFile; fileRef = BA6042C922A7CAD500345259 /* GitHubNotificationManagerCore.framework */; settings = {ATTRIBUTES = (CodeSignOnCopy, RemoveHeadersOnCopy, ); }; };
		BA60430022A7CE1E00345259 /* Network.h in Headers */ = {isa = PBXBuildFile; fileRef = BA6042F022A7CE1E00345259 /* Network.h */; settings = {ATTRIBUTES = (Public, ); }; };
		BA60430322A7CE1E00345259 /* GitHubNotificationManagerNetwork.framework in Frameworks */ = {isa = PBXBuildFile; fileRef = BA6042EE22A7CE1E00345259 /* GitHubNotificationManagerNetwork.framework */; };
		BA60430422A7CE1E00345259 /* GitHubNotificationManagerNetwork.framework in Embed Frameworks */ = {isa = PBXBuildFile; fileRef = BA6042EE22A7CE1E00345259 /* GitHubNotificationManagerNetwork.framework */; settings = {ATTRIBUTES = (CodeSignOnCopy, RemoveHeadersOnCopy, ); }; };
		BA6C829022B49E98006D2231 /* NotificationData.swift in Sources */ = {isa = PBXBuildFile; fileRef = BA6C828F22B49E98006D2231 /* NotificationData.swift */; };
		BA8A3735234200F800CB487B /* PageView.swift in Sources */ = {isa = PBXBuildFile; fileRef = BA8A3734234200F800CB487B /* PageView.swift */; };
		BA8A37372342068500CB487B /* SafariViewController.swift in Sources */ = {isa = PBXBuildFile; fileRef = BA8A37362342068500CB487B /* SafariViewController.swift */; };
		BA8A3739234206CF00CB487B /* SafariViewControllerWrapperViewController.swift in Sources */ = {isa = PBXBuildFile; fileRef = BA8A3738234206CF00CB487B /* SafariViewControllerWrapperViewController.swift */; };
		BA8A373B2342070500CB487B /* PageViewController.swift in Sources */ = {isa = PBXBuildFile; fileRef = BA8A373A2342070500CB487B /* PageViewController.swift */; };
		BA8A37402342251800CB487B /* WatchingsRequest.swift in Sources */ = {isa = PBXBuildFile; fileRef = BA8A373D2342250800CB487B /* WatchingsRequest.swift */; };
		BA8A37442342259000CB487B /* WatchingList.swift in Sources */ = {isa = PBXBuildFile; fileRef = BA8A37412342257000CB487B /* WatchingList.swift */; };
		BA8A374823422E5100CB487B /* WatchingListView.swift in Sources */ = {isa = PBXBuildFile; fileRef = BA8A374723422E5100CB487B /* WatchingListView.swift */; };
		BA8A374A23422EFA00CB487B /* RootViewModel.swift in Sources */ = {isa = PBXBuildFile; fileRef = BA8A374923422EFA00CB487B /* RootViewModel.swift */; };
		BA8A374C23422F4600CB487B /* WatchingList.Cell.swift in Sources */ = {isa = PBXBuildFile; fileRef = BA8A374B23422F4600CB487B /* WatchingList.Cell.swift */; };
		BA8A374E2342304200CB487B /* WatchingModel.swift in Sources */ = {isa = PBXBuildFile; fileRef = BA8A374D2342304200CB487B /* WatchingModel.swift */; };
		BABB9A83234B936F0067B767 /* ReadButton.swift in Sources */ = {isa = PBXBuildFile; fileRef = BABB9A82234B936F0067B767 /* ReadButton.swift */; };
		BABB9A85234CB8A10067B767 /* LayoutPriorityExtension.swift in Sources */ = {isa = PBXBuildFile; fileRef = BABB9A84234CB8A10067B767 /* LayoutPriorityExtension.swift */; };
		BABB9AAE234D5BA60067B767 /* CoreDataAccessor.swift in Sources */ = {isa = PBXBuildFile; fileRef = BABB9AAD234D5BA60067B767 /* CoreDataAccessor.swift */; };
		BAC1276622A82F7C00B52862 /* APIRequest.swift in Sources */ = {isa = PBXBuildFile; fileRef = BA60431222A7CEBF00345259 /* APIRequest.swift */; };
		BAC1276722A82F8000B52862 /* AuthorizationHeader.swift in Sources */ = {isa = PBXBuildFile; fileRef = BA60432522A7D68700345259 /* AuthorizationHeader.swift */; };
		BAC1276822A82F8000B52862 /* HTTPPathConvertible.swift in Sources */ = {isa = PBXBuildFile; fileRef = BA60432322A7D41D00345259 /* HTTPPathConvertible.swift */; };
		BAC1276922A82F8000B52862 /* HTTPHeader.swift in Sources */ = {isa = PBXBuildFile; fileRef = BA60432122A7D3D400345259 /* HTTPHeader.swift */; };
		BAC1276A22A82F8000B52862 /* Query.swift in Sources */ = {isa = PBXBuildFile; fileRef = BA60431F22A7D3C700345259 /* Query.swift */; };
		BAC1276B22A82F8000B52862 /* HTTPBody.swift in Sources */ = {isa = PBXBuildFile; fileRef = BA60431622A7D1D900345259 /* HTTPBody.swift */; };
		BAC1276C22A82F8000B52862 /* HTTPMethod.swift in Sources */ = {isa = PBXBuildFile; fileRef = BA60431822A7D1ED00345259 /* HTTPMethod.swift */; };
		BAC1276D22A82F8000B52862 /* URLEncoder.swift in Sources */ = {isa = PBXBuildFile; fileRef = BA60431422A7D12900345259 /* URLEncoder.swift */; };
		BAC1276F22A82F8700B52862 /* NotificationsRequest.swift in Sources */ = {isa = PBXBuildFile; fileRef = BA60432A22A7D99B00345259 /* NotificationsRequest.swift */; };
		BAC1277022A82F8700B52862 /* GitHubAPI.swift in Sources */ = {isa = PBXBuildFile; fileRef = BA60431B22A7D22900345259 /* GitHubAPI.swift */; };
		BAC1277122A82F8700B52862 /* GitHubAPIRequest.swift in Sources */ = {isa = PBXBuildFile; fileRef = BA60431D22A7D2FF00345259 /* GitHubAPIRequest.swift */; };
		BAC1277222A82F8700B52862 /* GitHubAPIAuthorization.swift in Sources */ = {isa = PBXBuildFile; fileRef = BA60432722A7D91200345259 /* GitHubAPIAuthorization.swift */; };
		BAC1277322A82F9200B52862 /* Secret.swift in Sources */ = {isa = PBXBuildFile; fileRef = BA60429E22A7C91000345259 /* Secret.swift */; };
		BAC1277522A830CF00B52862 /* GitHubNotificationManagerCore.framework in Frameworks */ = {isa = PBXBuildFile; fileRef = BA6042C922A7CAD500345259 /* GitHubNotificationManagerCore.framework */; };
		BAC1277622A830CF00B52862 /* GitHubNotificationManagerCore.framework in Embed Frameworks */ = {isa = PBXBuildFile; fileRef = BA6042C922A7CAD500345259 /* GitHubNotificationManagerCore.framework */; settings = {ATTRIBUTES = (CodeSignOnCopy, RemoveHeadersOnCopy, ); }; };
		BAC1277F22A83D0900B52862 /* Nuke in Frameworks */ = {isa = PBXBuildFile; productRef = BAC1277E22A83D0900B52862 /* Nuke */; };
		BAC127D122A841B300B52862 /* ImageLoader.swift in Sources */ = {isa = PBXBuildFile; fileRef = BAC1278122A83DBC00B52862 /* ImageLoader.swift */; };
		BAC127D422A8442A00B52862 /* URLConvertible.swift in Sources */ = {isa = PBXBuildFile; fileRef = BAC127D222A8442200B52862 /* URLConvertible.swift */; };
		BAC127D622A844BD00B52862 /* RootView.swift in Sources */ = {isa = PBXBuildFile; fileRef = BAC127D522A844BD00B52862 /* RootView.swift */; };
		BAC127DB22A8539000B52862 /* NotificationListVIewModel.swift in Sources */ = {isa = PBXBuildFile; fileRef = BAC127DA22A8539000B52862 /* NotificationListVIewModel.swift */; };
		BAC127E422A8911C00B52862 /* NotificationListView.swift in Sources */ = {isa = PBXBuildFile; fileRef = BAC127E322A8911C00B52862 /* NotificationListView.swift */; };
		BAC127FB22A9A82300B52862 /* NotificationList.swift in Sources */ = {isa = PBXBuildFile; fileRef = BAC127F922A9A7FB00B52862 /* NotificationList.swift */; };
		BAC1280C22A9B57700B52862 /* NotificationListView.Cell.swift in Sources */ = {isa = PBXBuildFile; fileRef = BAC1280B22A9B57700B52862 /* NotificationListView.Cell.swift */; };
		BACDC7FD23464B9400C4A1AE /* OAuthSwift in Frameworks */ = {isa = PBXBuildFile; productRef = BACDC7FC23464B9400C4A1AE /* OAuthSwift */; };
		BACDC8002346C7F800C4A1AE /* OAuthViewController.swift in Sources */ = {isa = PBXBuildFile; fileRef = BACDC7FE2346C7F800C4A1AE /* OAuthViewController.swift */; };
		BACDC8032346CC1000C4A1AE /* OAuthView.swift in Sources */ = {isa = PBXBuildFile; fileRef = BACDC8022346CC1000C4A1AE /* OAuthView.swift */; };
		BACDC8082348612000C4A1AE /* OAuthViewController.storyboard in Resources */ = {isa = PBXBuildFile; fileRef = BACDC8072348612000C4A1AE /* OAuthViewController.storyboard */; };
		BAEFFC3C22B9DB4E006D1549 /* ViewExtension.swift in Sources */ = {isa = PBXBuildFile; fileRef = BAEFFC3B22B9DB4E006D1549 /* ViewExtension.swift */; };
		BAEFFC3E22B9DBD3006D1549 /* NotificationModel.swift in Sources */ = {isa = PBXBuildFile; fileRef = BAEFFC3D22B9DBD3006D1549 /* NotificationModel.swift */; };
		BAEFFC4022B9DDBF006D1549 /* FuzzyFindable.swift in Sources */ = {isa = PBXBuildFile; fileRef = BAEFFC3F22B9DDBF006D1549 /* FuzzyFindable.swift */; };
		BAFE55EC23497B7F00A35674 /* ThumbnailImageView.swift in Sources */ = {isa = PBXBuildFile; fileRef = BAFE55EB23497B7F00A35674 /* ThumbnailImageView.swift */; };
		BAFE55EE2349836000A35674 /* BarButtonImageModifier.swift in Sources */ = {isa = PBXBuildFile; fileRef = BAFE55ED2349836000A35674 /* BarButtonImageModifier.swift */; };
		BAFE55F02349865800A35674 /* DeviceType.swift in Sources */ = {isa = PBXBuildFile; fileRef = BAFE55EF2349865800A35674 /* DeviceType.swift */; };
		BAFE55F32349C27B00A35674 /* NoDataView.swift in Sources */ = {isa = PBXBuildFile; fileRef = BAFE55F22349C27B00A35674 /* NoDataView.swift */; };
		BAFE55F52349C3F100A35674 /* RetryableNoDataView.swift in Sources */ = {isa = PBXBuildFile; fileRef = BAFE55F42349C3F100A35674 /* RetryableNoDataView.swift */; };
		BAFE55F82349C42000A35674 /* DecideButton.swift in Sources */ = {isa = PBXBuildFile; fileRef = BAFE55F72349C42000A35674 /* DecideButton.swift */; };
/* End PBXBuildFile section */

/* Begin PBXContainerItemProxy section */
		BA60427F22A7409400345259 /* PBXContainerItemProxy */ = {
			isa = PBXContainerItemProxy;
			containerPortal = BA60426022A7409300345259 /* Project object */;
			proxyType = 1;
			remoteGlobalIDString = BA60426722A7409300345259;
			remoteInfo = GitHubNotificationManager;
		};
		BA60428A22A7409400345259 /* PBXContainerItemProxy */ = {
			isa = PBXContainerItemProxy;
			containerPortal = BA60426022A7409300345259 /* Project object */;
			proxyType = 1;
			remoteGlobalIDString = BA60426722A7409300345259;
			remoteInfo = GitHubNotificationManager;
		};
		BA6042DC22A7CAD500345259 /* PBXContainerItemProxy */ = {
			isa = PBXContainerItemProxy;
			containerPortal = BA60426022A7409300345259 /* Project object */;
			proxyType = 1;
			remoteGlobalIDString = BA6042C822A7CAD500345259;
			remoteInfo = Core;
		};
		BA60430122A7CE1E00345259 /* PBXContainerItemProxy */ = {
			isa = PBXContainerItemProxy;
			containerPortal = BA60426022A7409300345259 /* Project object */;
			proxyType = 1;
			remoteGlobalIDString = BA6042ED22A7CE1E00345259;
			remoteInfo = Network;
		};
		BAC1277722A830CF00B52862 /* PBXContainerItemProxy */ = {
			isa = PBXContainerItemProxy;
			containerPortal = BA60426022A7409300345259 /* Project object */;
			proxyType = 1;
			remoteGlobalIDString = BA6042C822A7CAD500345259;
			remoteInfo = GitHubNotificationManagerCore;
		};
/* End PBXContainerItemProxy section */

/* Begin PBXCopyFilesBuildPhase section */
		BA6042E022A7CAD500345259 /* Embed Frameworks */ = {
			isa = PBXCopyFilesBuildPhase;
			buildActionMask = 2147483647;
			dstPath = "";
			dstSubfolderSpec = 10;
			files = (
				BA6042DF22A7CAD500345259 /* GitHubNotificationManagerCore.framework in Embed Frameworks */,
				BA60430422A7CE1E00345259 /* GitHubNotificationManagerNetwork.framework in Embed Frameworks */,
			);
			name = "Embed Frameworks";
			runOnlyForDeploymentPostprocessing = 0;
		};
		BAC1277922A830CF00B52862 /* Embed Frameworks */ = {
			isa = PBXCopyFilesBuildPhase;
			buildActionMask = 2147483647;
			dstPath = "";
			dstSubfolderSpec = 10;
			files = (
				BAC1277622A830CF00B52862 /* GitHubNotificationManagerCore.framework in Embed Frameworks */,
			);
			name = "Embed Frameworks";
			runOnlyForDeploymentPostprocessing = 0;
		};
/* End PBXCopyFilesBuildPhase section */

/* Begin PBXFileReference section */
		33498AA92352D4F500D1A8BC /* Action.swift */ = {isa = PBXFileReference; lastKnownFileType = sourcecode.swift; path = Action.swift; sourceTree = "<group>"; };
		33498AAB2352D50000D1A8BC /* ReduxState.swift */ = {isa = PBXFileReference; lastKnownFileType = sourcecode.swift; path = ReduxState.swift; sourceTree = "<group>"; };
		33498AAD2352D50F00D1A8BC /* Reducer.swift */ = {isa = PBXFileReference; lastKnownFileType = sourcecode.swift; path = Reducer.swift; sourceTree = "<group>"; };
		33498AAF2352D56000D1A8BC /* AsyncAction.swift */ = {isa = PBXFileReference; lastKnownFileType = sourcecode.swift; path = AsyncAction.swift; sourceTree = "<group>"; };
		33498AB12352D5A700D1A8BC /* Dispatch.swift */ = {isa = PBXFileReference; lastKnownFileType = sourcecode.swift; path = Dispatch.swift; sourceTree = "<group>"; };
		33953BFF235247AD000AED79 /* GitHubNotificationManager.xcdatamodel */ = {isa = PBXFileReference; lastKnownFileType = wrapper.xcdatamodel; path = GitHubNotificationManager.xcdatamodel; sourceTree = "<group>"; };
		33B929462351980A00CBD088 /* NavigationBarTitleModifier.swift */ = {isa = PBXFileReference; lastKnownFileType = sourcecode.swift; path = NavigationBarTitleModifier.swift; sourceTree = "<group>"; };
		33B9294B2351DB2400CBD088 /* WatchingEntity+CoreDataClass.swift */ = {isa = PBXFileReference; lastKnownFileType = sourcecode.swift; path = "WatchingEntity+CoreDataClass.swift"; sourceTree = "<group>"; };
		33B9294F2351DC9300CBD088 /* WatchingOwnerEntity+CoreDataClass.swift */ = {isa = PBXFileReference; lastKnownFileType = sourcecode.swift; path = "WatchingOwnerEntity+CoreDataClass.swift"; sourceTree = "<group>"; };
		33B929592352391600CBD088 /* WatchingOwnerEntity+CoreDataProperties.swift */ = {isa = PBXFileReference; lastKnownFileType = sourcecode.swift; path = "WatchingOwnerEntity+CoreDataProperties.swift"; sourceTree = "<group>"; };
		33B9295A2352391600CBD088 /* WatchingEntity+CoreDataProperties.swift */ = {isa = PBXFileReference; lastKnownFileType = sourcecode.swift; path = "WatchingEntity+CoreDataProperties.swift"; sourceTree = "<group>"; };
		33B9295D23523A9700CBD088 /* NSManagedObjectExtensions.swift */ = {isa = PBXFileReference; lastKnownFileType = sourcecode.swift; path = NSManagedObjectExtensions.swift; sourceTree = "<group>"; };
		BA1D70E722A9D42F000F83A1 /* ImageLoaderView.swift */ = {isa = PBXFileReference; lastKnownFileType = sourcecode.swift; path = ImageLoaderView.swift; sourceTree = "<group>"; };
		BA1D70E922A9D5BE000F83A1 /* ImageLoaderViewModel.swift */ = {isa = PBXFileReference; lastKnownFileType = sourcecode.swift; path = ImageLoaderViewModel.swift; sourceTree = "<group>"; };
		BA357A1322B4C41300549BA0 /* SafariView.swift */ = {isa = PBXFileReference; lastKnownFileType = sourcecode.swift; path = SafariView.swift; sourceTree = "<group>"; };
		BA357A1522B56BA800549BA0 /* SearchBar.swift */ = {isa = PBXFileReference; lastKnownFileType = sourcecode.swift; path = SearchBar.swift; sourceTree = "<group>"; };
		BA417D1022A9DF4E0041B3C3 /* DebugInfo.swift */ = {isa = PBXFileReference; lastKnownFileType = sourcecode.swift; path = DebugInfo.swift; sourceTree = "<group>"; };
		BA417D1422A9E2BA0041B3C3 /* HUD.swift */ = {isa = PBXFileReference; lastKnownFileType = sourcecode.swift; path = HUD.swift; sourceTree = "<group>"; };
		BA417D1822A9E6FB0041B3C3 /* HUDViewModel.swift */ = {isa = PBXFileReference; lastKnownFileType = sourcecode.swift; path = HUDViewModel.swift; sourceTree = "<group>"; };
		BA602C442348C8A0003C281C /* UserDefaultsGenerator.generated.swift */ = {isa = PBXFileReference; fileEncoding = 4; lastKnownFileType = sourcecode.swift; path = UserDefaultsGenerator.generated.swift; sourceTree = "<group>"; };
		BA602C462348E68A003C281C /* NetworkConfig.swift */ = {isa = PBXFileReference; lastKnownFileType = sourcecode.swift; path = NetworkConfig.swift; sourceTree = "<group>"; };
		BA60426822A7409300345259 /* NotificationHub.app */ = {isa = PBXFileReference; explicitFileType = wrapper.application; includeInIndex = 0; path = NotificationHub.app; sourceTree = BUILT_PRODUCTS_DIR; };
		BA60426B22A7409300345259 /* AppDelegate.swift */ = {isa = PBXFileReference; lastKnownFileType = sourcecode.swift; path = AppDelegate.swift; sourceTree = "<group>"; };
		BA60426D22A7409300345259 /* SceneDelegate.swift */ = {isa = PBXFileReference; lastKnownFileType = sourcecode.swift; path = SceneDelegate.swift; sourceTree = "<group>"; };
		BA60427122A7409400345259 /* Assets.xcassets */ = {isa = PBXFileReference; lastKnownFileType = folder.assetcatalog; path = Assets.xcassets; sourceTree = "<group>"; };
		BA60427422A7409400345259 /* Preview Assets.xcassets */ = {isa = PBXFileReference; lastKnownFileType = folder.assetcatalog; path = "Preview Assets.xcassets"; sourceTree = "<group>"; };
		BA60427722A7409400345259 /* Base */ = {isa = PBXFileReference; lastKnownFileType = file.storyboard; name = Base; path = Base.lproj/LaunchScreen.storyboard; sourceTree = "<group>"; };
		BA60427922A7409400345259 /* Info.plist */ = {isa = PBXFileReference; lastKnownFileType = text.plist.xml; path = Info.plist; sourceTree = "<group>"; };
		BA60427E22A7409400345259 /* GitHubNotificationManagerTests.xctest */ = {isa = PBXFileReference; explicitFileType = wrapper.cfbundle; includeInIndex = 0; path = GitHubNotificationManagerTests.xctest; sourceTree = BUILT_PRODUCTS_DIR; };
		BA60428222A7409400345259 /* GitHubNotificationManagerTests.swift */ = {isa = PBXFileReference; lastKnownFileType = sourcecode.swift; path = GitHubNotificationManagerTests.swift; sourceTree = "<group>"; };
		BA60428422A7409400345259 /* Info.plist */ = {isa = PBXFileReference; lastKnownFileType = text.plist.xml; path = Info.plist; sourceTree = "<group>"; };
		BA60428922A7409400345259 /* GitHubNotificationManagerUITests.xctest */ = {isa = PBXFileReference; explicitFileType = wrapper.cfbundle; includeInIndex = 0; path = GitHubNotificationManagerUITests.xctest; sourceTree = BUILT_PRODUCTS_DIR; };
		BA60428D22A7409400345259 /* GitHubNotificationManagerUITests.swift */ = {isa = PBXFileReference; lastKnownFileType = sourcecode.swift; path = GitHubNotificationManagerUITests.swift; sourceTree = "<group>"; };
		BA60428F22A7409400345259 /* Info.plist */ = {isa = PBXFileReference; lastKnownFileType = text.plist.xml; path = Info.plist; sourceTree = "<group>"; };
		BA60429E22A7C91000345259 /* Secret.swift */ = {isa = PBXFileReference; lastKnownFileType = sourcecode.swift; path = Secret.swift; sourceTree = "<group>"; };
		BA6042C922A7CAD500345259 /* GitHubNotificationManagerCore.framework */ = {isa = PBXFileReference; explicitFileType = wrapper.framework; includeInIndex = 0; path = GitHubNotificationManagerCore.framework; sourceTree = BUILT_PRODUCTS_DIR; };
		BA6042CB22A7CAD500345259 /* Core.h */ = {isa = PBXFileReference; lastKnownFileType = sourcecode.c.h; path = Core.h; sourceTree = "<group>"; };
		BA6042CC22A7CAD500345259 /* Info.plist */ = {isa = PBXFileReference; lastKnownFileType = text.plist.xml; path = Info.plist; sourceTree = "<group>"; };
		BA6042EE22A7CE1E00345259 /* GitHubNotificationManagerNetwork.framework */ = {isa = PBXFileReference; explicitFileType = wrapper.framework; includeInIndex = 0; path = GitHubNotificationManagerNetwork.framework; sourceTree = BUILT_PRODUCTS_DIR; };
		BA6042F022A7CE1E00345259 /* Network.h */ = {isa = PBXFileReference; lastKnownFileType = sourcecode.c.h; path = Network.h; sourceTree = "<group>"; };
		BA6042F122A7CE1E00345259 /* Info.plist */ = {isa = PBXFileReference; lastKnownFileType = text.plist.xml; path = Info.plist; sourceTree = "<group>"; };
		BA60431222A7CEBF00345259 /* APIRequest.swift */ = {isa = PBXFileReference; lastKnownFileType = sourcecode.swift; path = APIRequest.swift; sourceTree = "<group>"; };
		BA60431422A7D12900345259 /* URLEncoder.swift */ = {isa = PBXFileReference; lastKnownFileType = sourcecode.swift; path = URLEncoder.swift; sourceTree = "<group>"; };
		BA60431622A7D1D900345259 /* HTTPBody.swift */ = {isa = PBXFileReference; lastKnownFileType = sourcecode.swift; path = HTTPBody.swift; sourceTree = "<group>"; };
		BA60431822A7D1ED00345259 /* HTTPMethod.swift */ = {isa = PBXFileReference; lastKnownFileType = sourcecode.swift; path = HTTPMethod.swift; sourceTree = "<group>"; };
		BA60431B22A7D22900345259 /* GitHubAPI.swift */ = {isa = PBXFileReference; lastKnownFileType = sourcecode.swift; path = GitHubAPI.swift; sourceTree = "<group>"; };
		BA60431D22A7D2FF00345259 /* GitHubAPIRequest.swift */ = {isa = PBXFileReference; lastKnownFileType = sourcecode.swift; path = GitHubAPIRequest.swift; sourceTree = "<group>"; };
		BA60431F22A7D3C700345259 /* Query.swift */ = {isa = PBXFileReference; lastKnownFileType = sourcecode.swift; path = Query.swift; sourceTree = "<group>"; };
		BA60432122A7D3D400345259 /* HTTPHeader.swift */ = {isa = PBXFileReference; lastKnownFileType = sourcecode.swift; path = HTTPHeader.swift; sourceTree = "<group>"; };
		BA60432322A7D41D00345259 /* HTTPPathConvertible.swift */ = {isa = PBXFileReference; lastKnownFileType = sourcecode.swift; path = HTTPPathConvertible.swift; sourceTree = "<group>"; };
		BA60432522A7D68700345259 /* AuthorizationHeader.swift */ = {isa = PBXFileReference; lastKnownFileType = sourcecode.swift; path = AuthorizationHeader.swift; sourceTree = "<group>"; };
		BA60432722A7D91200345259 /* GitHubAPIAuthorization.swift */ = {isa = PBXFileReference; lastKnownFileType = sourcecode.swift; path = GitHubAPIAuthorization.swift; sourceTree = "<group>"; };
		BA60432A22A7D99B00345259 /* NotificationsRequest.swift */ = {isa = PBXFileReference; lastKnownFileType = sourcecode.swift; path = NotificationsRequest.swift; sourceTree = "<group>"; };
		BA6C828F22B49E98006D2231 /* NotificationData.swift */ = {isa = PBXFileReference; lastKnownFileType = sourcecode.swift; path = NotificationData.swift; sourceTree = "<group>"; };
		BA8A3734234200F800CB487B /* PageView.swift */ = {isa = PBXFileReference; lastKnownFileType = sourcecode.swift; path = PageView.swift; sourceTree = "<group>"; };
		BA8A37362342068500CB487B /* SafariViewController.swift */ = {isa = PBXFileReference; lastKnownFileType = sourcecode.swift; path = SafariViewController.swift; sourceTree = "<group>"; };
		BA8A3738234206CF00CB487B /* SafariViewControllerWrapperViewController.swift */ = {isa = PBXFileReference; lastKnownFileType = sourcecode.swift; path = SafariViewControllerWrapperViewController.swift; sourceTree = "<group>"; };
		BA8A373A2342070500CB487B /* PageViewController.swift */ = {isa = PBXFileReference; lastKnownFileType = sourcecode.swift; path = PageViewController.swift; sourceTree = "<group>"; };
		BA8A373D2342250800CB487B /* WatchingsRequest.swift */ = {isa = PBXFileReference; lastKnownFileType = sourcecode.swift; path = WatchingsRequest.swift; sourceTree = "<group>"; };
		BA8A37412342257000CB487B /* WatchingList.swift */ = {isa = PBXFileReference; lastKnownFileType = sourcecode.swift; path = WatchingList.swift; sourceTree = "<group>"; };
		BA8A374723422E5100CB487B /* WatchingListView.swift */ = {isa = PBXFileReference; lastKnownFileType = sourcecode.swift; path = WatchingListView.swift; sourceTree = "<group>"; };
		BA8A374923422EFA00CB487B /* RootViewModel.swift */ = {isa = PBXFileReference; lastKnownFileType = sourcecode.swift; path = RootViewModel.swift; sourceTree = "<group>"; };
		BA8A374B23422F4600CB487B /* WatchingList.Cell.swift */ = {isa = PBXFileReference; lastKnownFileType = sourcecode.swift; path = WatchingList.Cell.swift; sourceTree = "<group>"; };
		BA8A374D2342304200CB487B /* WatchingModel.swift */ = {isa = PBXFileReference; lastKnownFileType = sourcecode.swift; path = WatchingModel.swift; sourceTree = "<group>"; };
		BABB9A82234B936F0067B767 /* ReadButton.swift */ = {isa = PBXFileReference; lastKnownFileType = sourcecode.swift; path = ReadButton.swift; sourceTree = "<group>"; };
		BABB9A84234CB8A10067B767 /* LayoutPriorityExtension.swift */ = {isa = PBXFileReference; lastKnownFileType = sourcecode.swift; path = LayoutPriorityExtension.swift; sourceTree = "<group>"; };
		BABB9AAD234D5BA60067B767 /* CoreDataAccessor.swift */ = {isa = PBXFileReference; lastKnownFileType = sourcecode.swift; path = CoreDataAccessor.swift; sourceTree = "<group>"; };
		BAC1278122A83DBC00B52862 /* ImageLoader.swift */ = {isa = PBXFileReference; lastKnownFileType = sourcecode.swift; path = ImageLoader.swift; sourceTree = "<group>"; };
		BAC127D222A8442200B52862 /* URLConvertible.swift */ = {isa = PBXFileReference; lastKnownFileType = sourcecode.swift; path = URLConvertible.swift; sourceTree = "<group>"; };
		BAC127D522A844BD00B52862 /* RootView.swift */ = {isa = PBXFileReference; lastKnownFileType = sourcecode.swift; path = RootView.swift; sourceTree = "<group>"; };
		BAC127DA22A8539000B52862 /* NotificationListVIewModel.swift */ = {isa = PBXFileReference; lastKnownFileType = sourcecode.swift; path = NotificationListVIewModel.swift; sourceTree = "<group>"; };
		BAC127E322A8911C00B52862 /* NotificationListView.swift */ = {isa = PBXFileReference; lastKnownFileType = sourcecode.swift; path = NotificationListView.swift; sourceTree = "<group>"; };
		BAC127F922A9A7FB00B52862 /* NotificationList.swift */ = {isa = PBXFileReference; lastKnownFileType = sourcecode.swift; path = NotificationList.swift; sourceTree = "<group>"; };
		BAC1280B22A9B57700B52862 /* NotificationListView.Cell.swift */ = {isa = PBXFileReference; lastKnownFileType = sourcecode.swift; path = NotificationListView.Cell.swift; sourceTree = "<group>"; };
		BACDC7FE2346C7F800C4A1AE /* OAuthViewController.swift */ = {isa = PBXFileReference; lastKnownFileType = sourcecode.swift; path = OAuthViewController.swift; sourceTree = "<group>"; };
		BACDC8022346CC1000C4A1AE /* OAuthView.swift */ = {isa = PBXFileReference; lastKnownFileType = sourcecode.swift; path = OAuthView.swift; sourceTree = "<group>"; };
		BACDC8072348612000C4A1AE /* OAuthViewController.storyboard */ = {isa = PBXFileReference; lastKnownFileType = file.storyboard; path = OAuthViewController.storyboard; sourceTree = "<group>"; };
		BAEFFC3B22B9DB4E006D1549 /* ViewExtension.swift */ = {isa = PBXFileReference; lastKnownFileType = sourcecode.swift; path = ViewExtension.swift; sourceTree = "<group>"; };
		BAEFFC3D22B9DBD3006D1549 /* NotificationModel.swift */ = {isa = PBXFileReference; lastKnownFileType = sourcecode.swift; path = NotificationModel.swift; sourceTree = "<group>"; };
		BAEFFC3F22B9DDBF006D1549 /* FuzzyFindable.swift */ = {isa = PBXFileReference; lastKnownFileType = sourcecode.swift; path = FuzzyFindable.swift; sourceTree = "<group>"; };
		BAFE55EB23497B7F00A35674 /* ThumbnailImageView.swift */ = {isa = PBXFileReference; lastKnownFileType = sourcecode.swift; path = ThumbnailImageView.swift; sourceTree = "<group>"; };
		BAFE55ED2349836000A35674 /* BarButtonImageModifier.swift */ = {isa = PBXFileReference; lastKnownFileType = sourcecode.swift; path = BarButtonImageModifier.swift; sourceTree = "<group>"; };
		BAFE55EF2349865800A35674 /* DeviceType.swift */ = {isa = PBXFileReference; lastKnownFileType = sourcecode.swift; path = DeviceType.swift; sourceTree = "<group>"; };
		BAFE55F22349C27B00A35674 /* NoDataView.swift */ = {isa = PBXFileReference; lastKnownFileType = sourcecode.swift; path = NoDataView.swift; sourceTree = "<group>"; };
		BAFE55F42349C3F100A35674 /* RetryableNoDataView.swift */ = {isa = PBXFileReference; lastKnownFileType = sourcecode.swift; path = RetryableNoDataView.swift; sourceTree = "<group>"; };
		BAFE55F72349C42000A35674 /* DecideButton.swift */ = {isa = PBXFileReference; lastKnownFileType = sourcecode.swift; path = DecideButton.swift; sourceTree = "<group>"; };
/* End PBXFileReference section */

/* Begin PBXFrameworksBuildPhase section */
		BA60426522A7409300345259 /* Frameworks */ = {
			isa = PBXFrameworksBuildPhase;
			buildActionMask = 2147483647;
			files = (
				BA6042DE22A7CAD500345259 /* GitHubNotificationManagerCore.framework in Frameworks */,
				BA60430322A7CE1E00345259 /* GitHubNotificationManagerNetwork.framework in Frameworks */,
				BACDC7FD23464B9400C4A1AE /* OAuthSwift in Frameworks */,
			);
			runOnlyForDeploymentPostprocessing = 0;
		};
		BA60427B22A7409400345259 /* Frameworks */ = {
			isa = PBXFrameworksBuildPhase;
			buildActionMask = 2147483647;
			files = (
			);
			runOnlyForDeploymentPostprocessing = 0;
		};
		BA60428622A7409400345259 /* Frameworks */ = {
			isa = PBXFrameworksBuildPhase;
			buildActionMask = 2147483647;
			files = (
			);
			runOnlyForDeploymentPostprocessing = 0;
		};
		BA6042C622A7CAD500345259 /* Frameworks */ = {
			isa = PBXFrameworksBuildPhase;
			buildActionMask = 2147483647;
			files = (
			);
			runOnlyForDeploymentPostprocessing = 0;
		};
		BA6042EB22A7CE1E00345259 /* Frameworks */ = {
			isa = PBXFrameworksBuildPhase;
			buildActionMask = 2147483647;
			files = (
				BAC1277522A830CF00B52862 /* GitHubNotificationManagerCore.framework in Frameworks */,
				BAC1277F22A83D0900B52862 /* Nuke in Frameworks */,
			);
			runOnlyForDeploymentPostprocessing = 0;
		};
/* End PBXFrameworksBuildPhase section */

/* Begin PBXGroup section */
		33498AA82352B42E00D1A8BC /* Redux */ = {
			isa = PBXGroup;
			children = (
				33498AA92352D4F500D1A8BC /* Action.swift */,
				33498AAF2352D56000D1A8BC /* AsyncAction.swift */,
				33498AAB2352D50000D1A8BC /* ReduxState.swift */,
				33498AAD2352D50F00D1A8BC /* Reducer.swift */,
				33498AB12352D5A700D1A8BC /* Dispatch.swift */,
			);
			path = Redux;
			sourceTree = "<group>";
		};
		33B92945235197FA00CBD088 /* NavigationBar */ = {
			isa = PBXGroup;
			children = (
				33B929462351980A00CBD088 /* NavigationBarTitleModifier.swift */,
			);
			path = NavigationBar;
			sourceTree = "<group>";
		};
		BA602C432348C75B003C281C /* Foundation */ = {
			isa = PBXGroup;
			children = (
				BA602C442348C8A0003C281C /* UserDefaultsGenerator.generated.swift */,
				BABB9A84234CB8A10067B767 /* LayoutPriorityExtension.swift */,
			);
			path = Foundation;
			sourceTree = "<group>";
		};
		BA60425F22A7409300345259 = {
			isa = PBXGroup;
			children = (
				BA60426A22A7409300345259 /* GitHubNotificationManager */,
				BA60428122A7409400345259 /* GitHubNotificationManagerTests */,
				BA60428C22A7409400345259 /* GitHubNotificationManagerUITests */,
				BA60426922A7409300345259 /* Products */,
				BAC1277422A830CF00B52862 /* Frameworks */,
			);
			sourceTree = "<group>";
		};
		BA60426922A7409300345259 /* Products */ = {
			isa = PBXGroup;
			children = (
				BA60426822A7409300345259 /* NotificationHub.app */,
				BA60427E22A7409400345259 /* GitHubNotificationManagerTests.xctest */,
				BA60428922A7409400345259 /* GitHubNotificationManagerUITests.xctest */,
				BA6042C922A7CAD500345259 /* GitHubNotificationManagerCore.framework */,
				BA6042EE22A7CE1E00345259 /* GitHubNotificationManagerNetwork.framework */,
			);
			name = Products;
			sourceTree = "<group>";
		};
		BA60426A22A7409300345259 /* GitHubNotificationManager */ = {
			isa = PBXGroup;
			children = (
				33498AA82352B42E00D1A8BC /* Redux */,
				BABB9A89234CB9D10067B767 /* CoreData */,
				BA6C828C22B49E6B006D2231 /* Previews */,
				BA6042E722A7CAF500345259 /* Frameworks */,
				BAEFFC4122BA7F3F006D1549 /* Components */,
				BAEFFC4322BA7F72006D1549 /* Screen */,
				BAEFFC4E22BA8027006D1549 /* Util */,
				BAEFFC4B22BA8014006D1549 /* Extension */,
				BA60426B22A7409300345259 /* AppDelegate.swift */,
				BA60426D22A7409300345259 /* SceneDelegate.swift */,
				BA417D1022A9DF4E0041B3C3 /* DebugInfo.swift */,
				BA60427122A7409400345259 /* Assets.xcassets */,
				BA60427622A7409400345259 /* LaunchScreen.storyboard */,
				BA60427922A7409400345259 /* Info.plist */,
				BA60427322A7409400345259 /* Preview Content */,
			);
			path = GitHubNotificationManager;
			sourceTree = "<group>";
		};
		BA60427322A7409400345259 /* Preview Content */ = {
			isa = PBXGroup;
			children = (
				BA60427422A7409400345259 /* Preview Assets.xcassets */,
			);
			path = "Preview Content";
			sourceTree = "<group>";
		};
		BA60428122A7409400345259 /* GitHubNotificationManagerTests */ = {
			isa = PBXGroup;
			children = (
				BA60428222A7409400345259 /* GitHubNotificationManagerTests.swift */,
				BA60428422A7409400345259 /* Info.plist */,
			);
			path = GitHubNotificationManagerTests;
			sourceTree = "<group>";
		};
		BA60428C22A7409400345259 /* GitHubNotificationManagerUITests */ = {
			isa = PBXGroup;
			children = (
				BA60428D22A7409400345259 /* GitHubNotificationManagerUITests.swift */,
				BA60428F22A7409400345259 /* Info.plist */,
			);
			path = GitHubNotificationManagerUITests;
			sourceTree = "<group>";
		};
		BA60429D22A7C90700345259 /* Secret */ = {
			isa = PBXGroup;
			children = (
				BA60429E22A7C91000345259 /* Secret.swift */,
			);
			path = Secret;
			sourceTree = "<group>";
		};
		BA6042CA22A7CAD500345259 /* GitHubNotificationManagerCore */ = {
			isa = PBXGroup;
			children = (
				BA60429D22A7C90700345259 /* Secret */,
				BA6042CB22A7CAD500345259 /* Core.h */,
				BA6042CC22A7CAD500345259 /* Info.plist */,
			);
			path = GitHubNotificationManagerCore;
			sourceTree = "<group>";
		};
		BA6042E722A7CAF500345259 /* Frameworks */ = {
			isa = PBXGroup;
			children = (
				BA6042CA22A7CAD500345259 /* GitHubNotificationManagerCore */,
				BA6042EF22A7CE1E00345259 /* GitHubNotificationManagerNetwork */,
			);
			path = Frameworks;
			sourceTree = "<group>";
		};
		BA6042EF22A7CE1E00345259 /* GitHubNotificationManagerNetwork */ = {
			isa = PBXGroup;
			children = (
				BAC1278022A83D2100B52862 /* Image */,
				BA60430F22A7CE9100345259 /* API */,
				BA60431A22A7D21800345259 /* GitHub */,
				BA6042F022A7CE1E00345259 /* Network.h */,
				BA6042F122A7CE1E00345259 /* Info.plist */,
				BA602C462348E68A003C281C /* NetworkConfig.swift */,
			);
			path = GitHubNotificationManagerNetwork;
			sourceTree = "<group>";
		};
		BA60430F22A7CE9100345259 /* API */ = {
			isa = PBXGroup;
			children = (
				BA60431222A7CEBF00345259 /* APIRequest.swift */,
				BA60432522A7D68700345259 /* AuthorizationHeader.swift */,
				BA60432322A7D41D00345259 /* HTTPPathConvertible.swift */,
				BA60432122A7D3D400345259 /* HTTPHeader.swift */,
				BA60431F22A7D3C700345259 /* Query.swift */,
				BA60431622A7D1D900345259 /* HTTPBody.swift */,
				BA60431822A7D1ED00345259 /* HTTPMethod.swift */,
				BA60431422A7D12900345259 /* URLEncoder.swift */,
			);
			path = API;
			sourceTree = "<group>";
		};
		BA60431A22A7D21800345259 /* GitHub */ = {
			isa = PBXGroup;
			children = (
				BA8A373C2342249200CB487B /* Watching */,
				BA60432922A7D98A00345259 /* Notifcation */,
				BA60431B22A7D22900345259 /* GitHubAPI.swift */,
				BA60431D22A7D2FF00345259 /* GitHubAPIRequest.swift */,
				BA60432722A7D91200345259 /* GitHubAPIAuthorization.swift */,
			);
			path = GitHub;
			sourceTree = "<group>";
		};
		BA60432922A7D98A00345259 /* Notifcation */ = {
			isa = PBXGroup;
			children = (
				BA60432A22A7D99B00345259 /* NotificationsRequest.swift */,
				BAC127F922A9A7FB00B52862 /* NotificationList.swift */,
			);
			path = Notifcation;
			sourceTree = "<group>";
		};
		BA6C828C22B49E6B006D2231 /* Previews */ = {
			isa = PBXGroup;
			children = (
				BA6C828D22B49E74006D2231 /* Data */,
			);
			path = Previews;
			sourceTree = "<group>";
		};
		BA6C828D22B49E74006D2231 /* Data */ = {
			isa = PBXGroup;
			children = (
				BA6C828E22B49E89006D2231 /* Notification */,
			);
			path = Data;
			sourceTree = "<group>";
		};
		BA6C828E22B49E89006D2231 /* Notification */ = {
			isa = PBXGroup;
			children = (
				BA6C828F22B49E98006D2231 /* NotificationData.swift */,
			);
			path = Notification;
			sourceTree = "<group>";
		};
		BA8A3733234200EC00CB487B /* Page */ = {
			isa = PBXGroup;
			children = (
				BA8A3734234200F800CB487B /* PageView.swift */,
				BA8A373A2342070500CB487B /* PageViewController.swift */,
			);
			path = Page;
			sourceTree = "<group>";
		};
		BA8A373C2342249200CB487B /* Watching */ = {
			isa = PBXGroup;
			children = (
				BA8A373D2342250800CB487B /* WatchingsRequest.swift */,
				BA8A37412342257000CB487B /* WatchingList.swift */,
			);
			path = Watching;
			sourceTree = "<group>";
		};
		BA8A374523422E3D00CB487B /* Watching */ = {
			isa = PBXGroup;
			children = (
				BA8A374623422E4200CB487B /* List */,
			);
			path = Watching;
			sourceTree = "<group>";
		};
		BA8A374623422E4200CB487B /* List */ = {
			isa = PBXGroup;
			children = (
				BA8A374723422E5100CB487B /* WatchingListView.swift */,
				BA8A374B23422F4600CB487B /* WatchingList.Cell.swift */,
				BA8A374D2342304200CB487B /* WatchingModel.swift */,
			);
			path = List;
			sourceTree = "<group>";
		};
		BABB9A89234CB9D10067B767 /* CoreData */ = {
			isa = PBXGroup;
			children = (
				33B929592352391600CBD088 /* WatchingOwnerEntity+CoreDataProperties.swift */,
				33B9295A2352391600CBD088 /* WatchingEntity+CoreDataProperties.swift */,
				33B9294F2351DC9300CBD088 /* WatchingOwnerEntity+CoreDataClass.swift */,
				BABB9AAD234D5BA60067B767 /* CoreDataAccessor.swift */,
				33B9294B2351DB2400CBD088 /* WatchingEntity+CoreDataClass.swift */,
				33B9295D23523A9700CBD088 /* NSManagedObjectExtensions.swift */,
				33953BFE235247AD000AED79 /* GitHubNotificationManager.xcdatamodeld */,
			);
			path = CoreData;
			sourceTree = "<group>";
		};
		BAC1277422A830CF00B52862 /* Frameworks */ = {
			isa = PBXGroup;
			children = (
			);
			name = Frameworks;
			sourceTree = "<group>";
		};
		BAC1278022A83D2100B52862 /* Image */ = {
			isa = PBXGroup;
			children = (
				BAC1278122A83DBC00B52862 /* ImageLoader.swift */,
				BAC127D222A8442200B52862 /* URLConvertible.swift */,
			);
			path = Image;
			sourceTree = "<group>";
		};
		BACDC7F8234647EA00C4A1AE /* OAuth */ = {
			isa = PBXGroup;
			children = (
				BACDC8022346CC1000C4A1AE /* OAuthView.swift */,
				BACDC7FE2346C7F800C4A1AE /* OAuthViewController.swift */,
				BACDC8072348612000C4A1AE /* OAuthViewController.storyboard */,
			);
			path = OAuth;
			sourceTree = "<group>";
		};
		BAEFFC4122BA7F3F006D1549 /* Components */ = {
			isa = PBXGroup;
			children = (
				33B92945235197FA00CBD088 /* NavigationBar */,
				BAFE55F62349C41900A35674 /* Button */,
				BAEFFC4A22BA7FE8006D1549 /* SearchBar */,
				BAEFFC4522BA7F8E006D1549 /* HUD */,
				BAEFFC4222BA7F4C006D1549 /* Image */,
			);
			path = Components;
			sourceTree = "<group>";
		};
		BAEFFC4222BA7F4C006D1549 /* Image */ = {
			isa = PBXGroup;
			children = (
				BA1D70E922A9D5BE000F83A1 /* ImageLoaderViewModel.swift */,
				BA1D70E722A9D42F000F83A1 /* ImageLoaderView.swift */,
				BAFE55EB23497B7F00A35674 /* ThumbnailImageView.swift */,
				BAFE55ED2349836000A35674 /* BarButtonImageModifier.swift */,
			);
			path = Image;
			sourceTree = "<group>";
		};
		BAEFFC4322BA7F72006D1549 /* Screen */ = {
			isa = PBXGroup;
			children = (
				BAFE55F12349C27200A35674 /* NoData */,
				BACDC7F8234647EA00C4A1AE /* OAuth */,
				BA8A374523422E3D00CB487B /* Watching */,
				BA8A3733234200EC00CB487B /* Page */,
				BAEFFC4722BA7FAC006D1549 /* Notification */,
				BAEFFC4622BA7F96006D1549 /* WebView */,
				BAEFFC4422BA7F7F006D1549 /* Root */,
			);
			path = Screen;
			sourceTree = "<group>";
		};
		BAEFFC4422BA7F7F006D1549 /* Root */ = {
			isa = PBXGroup;
			children = (
				BAC127D522A844BD00B52862 /* RootView.swift */,
				BA8A374923422EFA00CB487B /* RootViewModel.swift */,
			);
			path = Root;
			sourceTree = "<group>";
		};
		BAEFFC4522BA7F8E006D1549 /* HUD */ = {
			isa = PBXGroup;
			children = (
				BA417D1422A9E2BA0041B3C3 /* HUD.swift */,
				BA417D1822A9E6FB0041B3C3 /* HUDViewModel.swift */,
			);
			path = HUD;
			sourceTree = "<group>";
		};
		BAEFFC4622BA7F96006D1549 /* WebView */ = {
			isa = PBXGroup;
			children = (
				BA357A1322B4C41300549BA0 /* SafariView.swift */,
				BA8A3738234206CF00CB487B /* SafariViewControllerWrapperViewController.swift */,
				BA8A37362342068500CB487B /* SafariViewController.swift */,
			);
			path = WebView;
			sourceTree = "<group>";
		};
		BAEFFC4722BA7FAC006D1549 /* Notification */ = {
			isa = PBXGroup;
			children = (
				BAEFFC4822BA7FB0006D1549 /* List */,
			);
			path = Notification;
			sourceTree = "<group>";
		};
		BAEFFC4822BA7FB0006D1549 /* List */ = {
			isa = PBXGroup;
			children = (
				BAEFFC3D22B9DBD3006D1549 /* NotificationModel.swift */,
				BAC127DA22A8539000B52862 /* NotificationListVIewModel.swift */,
				BAC127E322A8911C00B52862 /* NotificationListView.swift */,
				BAC1280B22A9B57700B52862 /* NotificationListView.Cell.swift */,
			);
			path = List;
			sourceTree = "<group>";
		};
		BAEFFC4A22BA7FE8006D1549 /* SearchBar */ = {
			isa = PBXGroup;
			children = (
				BA357A1522B56BA800549BA0 /* SearchBar.swift */,
			);
			path = SearchBar;
			sourceTree = "<group>";
		};
		BAEFFC4B22BA8014006D1549 /* Extension */ = {
			isa = PBXGroup;
			children = (
				BAEFFC4C22BA801A006D1549 /* StdLib */,
			);
			path = Extension;
			sourceTree = "<group>";
		};
		BAEFFC4C22BA801A006D1549 /* StdLib */ = {
			isa = PBXGroup;
			children = (
				BA602C432348C75B003C281C /* Foundation */,
				BAEFFC4D22BA801C006D1549 /* SwiftUI */,
			);
			path = StdLib;
			sourceTree = "<group>";
		};
		BAEFFC4D22BA801C006D1549 /* SwiftUI */ = {
			isa = PBXGroup;
			children = (
				BAEFFC3B22B9DB4E006D1549 /* ViewExtension.swift */,
			);
			path = SwiftUI;
			sourceTree = "<group>";
		};
		BAEFFC4E22BA8027006D1549 /* Util */ = {
			isa = PBXGroup;
			children = (
				BAEFFC3F22B9DDBF006D1549 /* FuzzyFindable.swift */,
				BAFE55EF2349865800A35674 /* DeviceType.swift */,
			);
			path = Util;
			sourceTree = "<group>";
		};
		BAFE55F12349C27200A35674 /* NoData */ = {
			isa = PBXGroup;
			children = (
				BAFE55F22349C27B00A35674 /* NoDataView.swift */,
				BAFE55F42349C3F100A35674 /* RetryableNoDataView.swift */,
			);
			path = NoData;
			sourceTree = "<group>";
		};
		BAFE55F62349C41900A35674 /* Button */ = {
			isa = PBXGroup;
			children = (
				BAFE55F72349C42000A35674 /* DecideButton.swift */,
				BABB9A82234B936F0067B767 /* ReadButton.swift */,
			);
			path = Button;
			sourceTree = "<group>";
		};
/* End PBXGroup section */

/* Begin PBXHeadersBuildPhase section */
		BA6042C422A7CAD500345259 /* Headers */ = {
			isa = PBXHeadersBuildPhase;
			buildActionMask = 2147483647;
			files = (
				BA6042DB22A7CAD500345259 /* Core.h in Headers */,
			);
			runOnlyForDeploymentPostprocessing = 0;
		};
		BA6042E922A7CE1E00345259 /* Headers */ = {
			isa = PBXHeadersBuildPhase;
			buildActionMask = 2147483647;
			files = (
				BA60430022A7CE1E00345259 /* Network.h in Headers */,
			);
			runOnlyForDeploymentPostprocessing = 0;
		};
/* End PBXHeadersBuildPhase section */

/* Begin PBXNativeTarget section */
		BA60426722A7409300345259 /* GitHubNotificationManager */ = {
			isa = PBXNativeTarget;
			buildConfigurationList = BA60429222A7409400345259 /* Build configuration list for PBXNativeTarget "GitHubNotificationManager" */;
			buildPhases = (
				BA60426422A7409300345259 /* Sources */,
				BA60426522A7409300345259 /* Frameworks */,
				BA60426622A7409300345259 /* Resources */,
				BA6042E022A7CAD500345259 /* Embed Frameworks */,
			);
			buildRules = (
			);
			dependencies = (
				BA6042DD22A7CAD500345259 /* PBXTargetDependency */,
				BA60430222A7CE1E00345259 /* PBXTargetDependency */,
			);
			name = GitHubNotificationManager;
			packageProductDependencies = (
				BACDC7FC23464B9400C4A1AE /* OAuthSwift */,
			);
			productName = GitHubNotificationManager;
			productReference = BA60426822A7409300345259 /* NotificationHub.app */;
			productType = "com.apple.product-type.application";
		};
		BA60427D22A7409400345259 /* GitHubNotificationManagerTests */ = {
			isa = PBXNativeTarget;
			buildConfigurationList = BA60429522A7409400345259 /* Build configuration list for PBXNativeTarget "GitHubNotificationManagerTests" */;
			buildPhases = (
				BA60427A22A7409400345259 /* Sources */,
				BA60427B22A7409400345259 /* Frameworks */,
				BA60427C22A7409400345259 /* Resources */,
			);
			buildRules = (
			);
			dependencies = (
				BA60428022A7409400345259 /* PBXTargetDependency */,
			);
			name = GitHubNotificationManagerTests;
			productName = GitHubNotificationManagerTests;
			productReference = BA60427E22A7409400345259 /* GitHubNotificationManagerTests.xctest */;
			productType = "com.apple.product-type.bundle.unit-test";
		};
		BA60428822A7409400345259 /* GitHubNotificationManagerUITests */ = {
			isa = PBXNativeTarget;
			buildConfigurationList = BA60429822A7409400345259 /* Build configuration list for PBXNativeTarget "GitHubNotificationManagerUITests" */;
			buildPhases = (
				BA60428522A7409400345259 /* Sources */,
				BA60428622A7409400345259 /* Frameworks */,
				BA60428722A7409400345259 /* Resources */,
			);
			buildRules = (
			);
			dependencies = (
				BA60428B22A7409400345259 /* PBXTargetDependency */,
			);
			name = GitHubNotificationManagerUITests;
			productName = GitHubNotificationManagerUITests;
			productReference = BA60428922A7409400345259 /* GitHubNotificationManagerUITests.xctest */;
			productType = "com.apple.product-type.bundle.ui-testing";
		};
		BA6042C822A7CAD500345259 /* GitHubNotificationManagerCore */ = {
			isa = PBXNativeTarget;
			buildConfigurationList = BA6042E522A7CAD500345259 /* Build configuration list for PBXNativeTarget "GitHubNotificationManagerCore" */;
			buildPhases = (
				BA6042C422A7CAD500345259 /* Headers */,
				BA6042C522A7CAD500345259 /* Sources */,
				BA6042C622A7CAD500345259 /* Frameworks */,
				BA6042C722A7CAD500345259 /* Resources */,
			);
			buildRules = (
			);
			dependencies = (
			);
			name = GitHubNotificationManagerCore;
			packageProductDependencies = (
			);
			productName = Core;
			productReference = BA6042C922A7CAD500345259 /* GitHubNotificationManagerCore.framework */;
			productType = "com.apple.product-type.framework";
		};
		BA6042ED22A7CE1E00345259 /* GitHubNotificationManagerNetwork */ = {
			isa = PBXNativeTarget;
			buildConfigurationList = BA60430522A7CE1E00345259 /* Build configuration list for PBXNativeTarget "GitHubNotificationManagerNetwork" */;
			buildPhases = (
				BA6042E922A7CE1E00345259 /* Headers */,
				BA6042EA22A7CE1E00345259 /* Sources */,
				BA6042EB22A7CE1E00345259 /* Frameworks */,
				BA6042EC22A7CE1E00345259 /* Resources */,
				BAC1277922A830CF00B52862 /* Embed Frameworks */,
			);
			buildRules = (
			);
			dependencies = (
				BAC1277822A830CF00B52862 /* PBXTargetDependency */,
			);
			name = GitHubNotificationManagerNetwork;
			packageProductDependencies = (
				BAC1277E22A83D0900B52862 /* Nuke */,
			);
			productName = Network;
			productReference = BA6042EE22A7CE1E00345259 /* GitHubNotificationManagerNetwork.framework */;
			productType = "com.apple.product-type.framework";
		};
/* End PBXNativeTarget section */

/* Begin PBXProject section */
		BA60426022A7409300345259 /* Project object */ = {
			isa = PBXProject;
			attributes = {
				LastSwiftUpdateCheck = 1100;
				LastUpgradeCheck = 1100;
				ORGANIZATIONNAME = bannzai;
				TargetAttributes = {
					BA60426722A7409300345259 = {
						CreatedOnToolsVersion = 11.0;
					};
					BA60427D22A7409400345259 = {
						CreatedOnToolsVersion = 11.0;
						TestTargetID = BA60426722A7409300345259;
					};
					BA60428822A7409400345259 = {
						CreatedOnToolsVersion = 11.0;
						TestTargetID = BA60426722A7409300345259;
					};
					BA6042C822A7CAD500345259 = {
						CreatedOnToolsVersion = 11.0;
					};
					BA6042ED22A7CE1E00345259 = {
						CreatedOnToolsVersion = 11.0;
					};
				};
			};
			buildConfigurationList = BA60426322A7409300345259 /* Build configuration list for PBXProject "GitHubNotificationManager" */;
			compatibilityVersion = "Xcode 9.3";
			developmentRegion = en;
			hasScannedForEncodings = 0;
			knownRegions = (
				en,
				Base,
			);
			mainGroup = BA60425F22A7409300345259;
			packageReferences = (
				BAC1277D22A83D0900B52862 /* XCRemoteSwiftPackageReference "Nuke" */,
				BACDC7FB23464B9400C4A1AE /* XCRemoteSwiftPackageReference "OAuthSwift" */,
			);
			productRefGroup = BA60426922A7409300345259 /* Products */;
			projectDirPath = "";
			projectRoot = "";
			targets = (
				BA60426722A7409300345259 /* GitHubNotificationManager */,
				BA60427D22A7409400345259 /* GitHubNotificationManagerTests */,
				BA60428822A7409400345259 /* GitHubNotificationManagerUITests */,
				BA6042C822A7CAD500345259 /* GitHubNotificationManagerCore */,
				BA6042ED22A7CE1E00345259 /* GitHubNotificationManagerNetwork */,
			);
		};
/* End PBXProject section */

/* Begin PBXResourcesBuildPhase section */
		BA60426622A7409300345259 /* Resources */ = {
			isa = PBXResourcesBuildPhase;
			buildActionMask = 2147483647;
			files = (
				BA60427822A7409400345259 /* LaunchScreen.storyboard in Resources */,
				BA60427522A7409400345259 /* Preview Assets.xcassets in Resources */,
				BACDC8082348612000C4A1AE /* OAuthViewController.storyboard in Resources */,
				BA60427222A7409400345259 /* Assets.xcassets in Resources */,
			);
			runOnlyForDeploymentPostprocessing = 0;
		};
		BA60427C22A7409400345259 /* Resources */ = {
			isa = PBXResourcesBuildPhase;
			buildActionMask = 2147483647;
			files = (
			);
			runOnlyForDeploymentPostprocessing = 0;
		};
		BA60428722A7409400345259 /* Resources */ = {
			isa = PBXResourcesBuildPhase;
			buildActionMask = 2147483647;
			files = (
			);
			runOnlyForDeploymentPostprocessing = 0;
		};
		BA6042C722A7CAD500345259 /* Resources */ = {
			isa = PBXResourcesBuildPhase;
			buildActionMask = 2147483647;
			files = (
			);
			runOnlyForDeploymentPostprocessing = 0;
		};
		BA6042EC22A7CE1E00345259 /* Resources */ = {
			isa = PBXResourcesBuildPhase;
			buildActionMask = 2147483647;
			files = (
			);
			runOnlyForDeploymentPostprocessing = 0;
		};
/* End PBXResourcesBuildPhase section */

/* Begin PBXSourcesBuildPhase section */
		BA60426422A7409300345259 /* Sources */ = {
			isa = PBXSourcesBuildPhase;
			buildActionMask = 2147483647;
			files = (
				BA60426C22A7409300345259 /* AppDelegate.swift in Sources */,
				BABB9A85234CB8A10067B767 /* LayoutPriorityExtension.swift in Sources */,
				33B9295C2352391600CBD088 /* WatchingEntity+CoreDataProperties.swift in Sources */,
				BA8A37372342068500CB487B /* SafariViewController.swift in Sources */,
				BAEFFC4022B9DDBF006D1549 /* FuzzyFindable.swift in Sources */,
				BA8A374C23422F4600CB487B /* WatchingList.Cell.swift in Sources */,
				BA602C452348C8A0003C281C /* UserDefaultsGenerator.generated.swift in Sources */,
				BA6C829022B49E98006D2231 /* NotificationData.swift in Sources */,
				33498AB02352D56000D1A8BC /* AsyncAction.swift in Sources */,
				BA417D1922A9E6FB0041B3C3 /* HUDViewModel.swift in Sources */,
				33498AAC2352D50000D1A8BC /* ReduxState.swift in Sources */,
				33498AAE2352D50F00D1A8BC /* Reducer.swift in Sources */,
				BA8A3735234200F800CB487B /* PageView.swift in Sources */,
				BA8A3739234206CF00CB487B /* SafariViewControllerWrapperViewController.swift in Sources */,
				33953C00235247AD000AED79 /* GitHubNotificationManager.xcdatamodeld in Sources */,
				BABB9A83234B936F0067B767 /* ReadButton.swift in Sources */,
				BAC127DB22A8539000B52862 /* NotificationListVIewModel.swift in Sources */,
				BAFE55F02349865800A35674 /* DeviceType.swift in Sources */,
				BA357A1622B56BA800549BA0 /* SearchBar.swift in Sources */,
				BA60426E22A7409300345259 /* SceneDelegate.swift in Sources */,
				33B9295623521AF600CBD088 /* WatchingOwnerEntity+CoreDataClass.swift in Sources */,
				BABB9AAE234D5BA60067B767 /* CoreDataAccessor.swift in Sources */,
				BA1D70EA22A9D5BE000F83A1 /* ImageLoaderViewModel.swift in Sources */,
				BAC1280C22A9B57700B52862 /* NotificationListView.Cell.swift in Sources */,
				33B9295E23523A9700CBD088 /* NSManagedObjectExtensions.swift in Sources */,
				BA8A373B2342070500CB487B /* PageViewController.swift in Sources */,
				BA1D70E822A9D42F000F83A1 /* ImageLoaderView.swift in Sources */,
				BA417D1122A9DF4E0041B3C3 /* DebugInfo.swift in Sources */,
				33B929472351980A00CBD088 /* NavigationBarTitleModifier.swift in Sources */,
				BA417D1522A9E2BA0041B3C3 /* HUD.swift in Sources */,
				BAFE55EE2349836000A35674 /* BarButtonImageModifier.swift in Sources */,
				33498AAA2352D4F500D1A8BC /* Action.swift in Sources */,
				33B9295B2352391600CBD088 /* WatchingOwnerEntity+CoreDataProperties.swift in Sources */,
				BAEFFC3C22B9DB4E006D1549 /* ViewExtension.swift in Sources */,
				BAFE55EC23497B7F00A35674 /* ThumbnailImageView.swift in Sources */,
				BAEFFC3E22B9DBD3006D1549 /* NotificationModel.swift in Sources */,
				BA8A374A23422EFA00CB487B /* RootViewModel.swift in Sources */,
				BAFE55F82349C42000A35674 /* DecideButton.swift in Sources */,
				BACDC8002346C7F800C4A1AE /* OAuthViewController.swift in Sources */,
				BAC127D622A844BD00B52862 /* RootView.swift in Sources */,
				BA8A374E2342304200CB487B /* WatchingModel.swift in Sources */,
				BA357A1422B4C41300549BA0 /* SafariView.swift in Sources */,
				BAC127E422A8911C00B52862 /* NotificationListView.swift in Sources */,
				BAFE55F32349C27B00A35674 /* NoDataView.swift in Sources */,
				BACDC8032346CC1000C4A1AE /* OAuthView.swift in Sources */,
				BA8A374823422E5100CB487B /* WatchingListView.swift in Sources */,
				BAFE55F52349C3F100A35674 /* RetryableNoDataView.swift in Sources */,
				33B92955235219D100CBD088 /* WatchingEntity+CoreDataClass.swift in Sources */,
				33498AB22352D5A700D1A8BC /* Dispatch.swift in Sources */,
			);
			runOnlyForDeploymentPostprocessing = 0;
		};
		BA60427A22A7409400345259 /* Sources */ = {
			isa = PBXSourcesBuildPhase;
			buildActionMask = 2147483647;
			files = (
				BA60428322A7409400345259 /* GitHubNotificationManagerTests.swift in Sources */,
			);
			runOnlyForDeploymentPostprocessing = 0;
		};
		BA60428522A7409400345259 /* Sources */ = {
			isa = PBXSourcesBuildPhase;
			buildActionMask = 2147483647;
			files = (
				BA60428E22A7409400345259 /* GitHubNotificationManagerUITests.swift in Sources */,
			);
			runOnlyForDeploymentPostprocessing = 0;
		};
		BA6042C522A7CAD500345259 /* Sources */ = {
			isa = PBXSourcesBuildPhase;
			buildActionMask = 2147483647;
			files = (
				BAC1277322A82F9200B52862 /* Secret.swift in Sources */,
			);
			runOnlyForDeploymentPostprocessing = 0;
		};
		BA6042EA22A7CE1E00345259 /* Sources */ = {
			isa = PBXSourcesBuildPhase;
			buildActionMask = 2147483647;
			files = (
				BA8A37442342259000CB487B /* WatchingList.swift in Sources */,
				BAC1276622A82F7C00B52862 /* APIRequest.swift in Sources */,
				BAC1277222A82F8700B52862 /* GitHubAPIAuthorization.swift in Sources */,
				BA8A37402342251800CB487B /* WatchingsRequest.swift in Sources */,
				BAC127D122A841B300B52862 /* ImageLoader.swift in Sources */,
				BAC127FB22A9A82300B52862 /* NotificationList.swift in Sources */,
				BAC1276722A82F8000B52862 /* AuthorizationHeader.swift in Sources */,
				BAC1276F22A82F8700B52862 /* NotificationsRequest.swift in Sources */,
				BA602C482348E6C5003C281C /* NetworkConfig.swift in Sources */,
				BAC1276922A82F8000B52862 /* HTTPHeader.swift in Sources */,
				BAC1277122A82F8700B52862 /* GitHubAPIRequest.swift in Sources */,
				BAC1276D22A82F8000B52862 /* URLEncoder.swift in Sources */,
				BAC1276822A82F8000B52862 /* HTTPPathConvertible.swift in Sources */,
				BAC1276C22A82F8000B52862 /* HTTPMethod.swift in Sources */,
				BAC1277022A82F8700B52862 /* GitHubAPI.swift in Sources */,
				BAC1276A22A82F8000B52862 /* Query.swift in Sources */,
				BAC1276B22A82F8000B52862 /* HTTPBody.swift in Sources */,
				BAC127D422A8442A00B52862 /* URLConvertible.swift in Sources */,
			);
			runOnlyForDeploymentPostprocessing = 0;
		};
/* End PBXSourcesBuildPhase section */

/* Begin PBXTargetDependency section */
		BA60428022A7409400345259 /* PBXTargetDependency */ = {
			isa = PBXTargetDependency;
			target = BA60426722A7409300345259 /* GitHubNotificationManager */;
			targetProxy = BA60427F22A7409400345259 /* PBXContainerItemProxy */;
		};
		BA60428B22A7409400345259 /* PBXTargetDependency */ = {
			isa = PBXTargetDependency;
			target = BA60426722A7409300345259 /* GitHubNotificationManager */;
			targetProxy = BA60428A22A7409400345259 /* PBXContainerItemProxy */;
		};
		BA6042DD22A7CAD500345259 /* PBXTargetDependency */ = {
			isa = PBXTargetDependency;
			target = BA6042C822A7CAD500345259 /* GitHubNotificationManagerCore */;
			targetProxy = BA6042DC22A7CAD500345259 /* PBXContainerItemProxy */;
		};
		BA60430222A7CE1E00345259 /* PBXTargetDependency */ = {
			isa = PBXTargetDependency;
			target = BA6042ED22A7CE1E00345259 /* GitHubNotificationManagerNetwork */;
			targetProxy = BA60430122A7CE1E00345259 /* PBXContainerItemProxy */;
		};
		BAC1277822A830CF00B52862 /* PBXTargetDependency */ = {
			isa = PBXTargetDependency;
			target = BA6042C822A7CAD500345259 /* GitHubNotificationManagerCore */;
			targetProxy = BAC1277722A830CF00B52862 /* PBXContainerItemProxy */;
		};
/* End PBXTargetDependency section */

/* Begin PBXVariantGroup section */
		BA60427622A7409400345259 /* LaunchScreen.storyboard */ = {
			isa = PBXVariantGroup;
			children = (
				BA60427722A7409400345259 /* Base */,
			);
			name = LaunchScreen.storyboard;
			sourceTree = "<group>";
		};
/* End PBXVariantGroup section */

/* Begin XCBuildConfiguration section */
		BA60429022A7409400345259 /* Debug */ = {
			isa = XCBuildConfiguration;
			buildSettings = {
				ALWAYS_SEARCH_USER_PATHS = NO;
				CLANG_ANALYZER_NONNULL = YES;
				CLANG_ANALYZER_NUMBER_OBJECT_CONVERSION = YES_AGGRESSIVE;
				CLANG_CXX_LANGUAGE_STANDARD = "gnu++14";
				CLANG_CXX_LIBRARY = "libc++";
				CLANG_ENABLE_MODULES = YES;
				CLANG_ENABLE_OBJC_ARC = YES;
				CLANG_ENABLE_OBJC_WEAK = YES;
				CLANG_WARN_BLOCK_CAPTURE_AUTORELEASING = YES;
				CLANG_WARN_BOOL_CONVERSION = YES;
				CLANG_WARN_COMMA = YES;
				CLANG_WARN_CONSTANT_CONVERSION = YES;
				CLANG_WARN_DEPRECATED_OBJC_IMPLEMENTATIONS = YES;
				CLANG_WARN_DIRECT_OBJC_ISA_USAGE = YES_ERROR;
				CLANG_WARN_DOCUMENTATION_COMMENTS = YES;
				CLANG_WARN_EMPTY_BODY = YES;
				CLANG_WARN_ENUM_CONVERSION = YES;
				CLANG_WARN_INFINITE_RECURSION = YES;
				CLANG_WARN_INT_CONVERSION = YES;
				CLANG_WARN_NON_LITERAL_NULL_CONVERSION = YES;
				CLANG_WARN_OBJC_IMPLICIT_RETAIN_SELF = YES;
				CLANG_WARN_OBJC_LITERAL_CONVERSION = YES;
				CLANG_WARN_OBJC_ROOT_CLASS = YES_ERROR;
				CLANG_WARN_RANGE_LOOP_ANALYSIS = YES;
				CLANG_WARN_STRICT_PROTOTYPES = YES;
				CLANG_WARN_SUSPICIOUS_MOVE = YES;
				CLANG_WARN_UNGUARDED_AVAILABILITY = YES_AGGRESSIVE;
				CLANG_WARN_UNREACHABLE_CODE = YES;
				CLANG_WARN__DUPLICATE_METHOD_MATCH = YES;
				COPY_PHASE_STRIP = NO;
				DEBUG_INFORMATION_FORMAT = dwarf;
				ENABLE_STRICT_OBJC_MSGSEND = YES;
				ENABLE_TESTABILITY = YES;
				GCC_C_LANGUAGE_STANDARD = gnu11;
				GCC_DYNAMIC_NO_PIC = NO;
				GCC_NO_COMMON_BLOCKS = YES;
				GCC_OPTIMIZATION_LEVEL = 0;
				GCC_PREPROCESSOR_DEFINITIONS = (
					"DEBUG=1",
					"$(inherited)",
				);
				GCC_WARN_64_TO_32_BIT_CONVERSION = YES;
				GCC_WARN_ABOUT_RETURN_TYPE = YES_ERROR;
				GCC_WARN_UNDECLARED_SELECTOR = YES;
				GCC_WARN_UNINITIALIZED_AUTOS = YES_AGGRESSIVE;
				GCC_WARN_UNUSED_FUNCTION = YES;
				GCC_WARN_UNUSED_VARIABLE = YES;
				IPHONEOS_DEPLOYMENT_TARGET = 13.0;
				MTL_ENABLE_DEBUG_INFO = INCLUDE_SOURCE;
				MTL_FAST_MATH = YES;
				ONLY_ACTIVE_ARCH = YES;
				SDKROOT = iphoneos;
				SWIFT_ACTIVE_COMPILATION_CONDITIONS = DEBUG;
				SWIFT_OPTIMIZATION_LEVEL = "-Onone";
			};
			name = Debug;
		};
		BA60429122A7409400345259 /* Release */ = {
			isa = XCBuildConfiguration;
			buildSettings = {
				ALWAYS_SEARCH_USER_PATHS = NO;
				CLANG_ANALYZER_NONNULL = YES;
				CLANG_ANALYZER_NUMBER_OBJECT_CONVERSION = YES_AGGRESSIVE;
				CLANG_CXX_LANGUAGE_STANDARD = "gnu++14";
				CLANG_CXX_LIBRARY = "libc++";
				CLANG_ENABLE_MODULES = YES;
				CLANG_ENABLE_OBJC_ARC = YES;
				CLANG_ENABLE_OBJC_WEAK = YES;
				CLANG_WARN_BLOCK_CAPTURE_AUTORELEASING = YES;
				CLANG_WARN_BOOL_CONVERSION = YES;
				CLANG_WARN_COMMA = YES;
				CLANG_WARN_CONSTANT_CONVERSION = YES;
				CLANG_WARN_DEPRECATED_OBJC_IMPLEMENTATIONS = YES;
				CLANG_WARN_DIRECT_OBJC_ISA_USAGE = YES_ERROR;
				CLANG_WARN_DOCUMENTATION_COMMENTS = YES;
				CLANG_WARN_EMPTY_BODY = YES;
				CLANG_WARN_ENUM_CONVERSION = YES;
				CLANG_WARN_INFINITE_RECURSION = YES;
				CLANG_WARN_INT_CONVERSION = YES;
				CLANG_WARN_NON_LITERAL_NULL_CONVERSION = YES;
				CLANG_WARN_OBJC_IMPLICIT_RETAIN_SELF = YES;
				CLANG_WARN_OBJC_LITERAL_CONVERSION = YES;
				CLANG_WARN_OBJC_ROOT_CLASS = YES_ERROR;
				CLANG_WARN_RANGE_LOOP_ANALYSIS = YES;
				CLANG_WARN_STRICT_PROTOTYPES = YES;
				CLANG_WARN_SUSPICIOUS_MOVE = YES;
				CLANG_WARN_UNGUARDED_AVAILABILITY = YES_AGGRESSIVE;
				CLANG_WARN_UNREACHABLE_CODE = YES;
				CLANG_WARN__DUPLICATE_METHOD_MATCH = YES;
				COPY_PHASE_STRIP = NO;
				DEBUG_INFORMATION_FORMAT = "dwarf-with-dsym";
				ENABLE_NS_ASSERTIONS = NO;
				ENABLE_STRICT_OBJC_MSGSEND = YES;
				GCC_C_LANGUAGE_STANDARD = gnu11;
				GCC_NO_COMMON_BLOCKS = YES;
				GCC_WARN_64_TO_32_BIT_CONVERSION = YES;
				GCC_WARN_ABOUT_RETURN_TYPE = YES_ERROR;
				GCC_WARN_UNDECLARED_SELECTOR = YES;
				GCC_WARN_UNINITIALIZED_AUTOS = YES_AGGRESSIVE;
				GCC_WARN_UNUSED_FUNCTION = YES;
				GCC_WARN_UNUSED_VARIABLE = YES;
				IPHONEOS_DEPLOYMENT_TARGET = 13.0;
				MTL_ENABLE_DEBUG_INFO = NO;
				MTL_FAST_MATH = YES;
				SDKROOT = iphoneos;
				SWIFT_COMPILATION_MODE = wholemodule;
				SWIFT_OPTIMIZATION_LEVEL = "-O";
				VALIDATE_PRODUCT = YES;
			};
			name = Release;
		};
		BA60429322A7409400345259 /* Debug */ = {
			isa = XCBuildConfiguration;
			buildSettings = {
				ALWAYS_EMBED_SWIFT_STANDARD_LIBRARIES = YES;
				ASSETCATALOG_COMPILER_APPICON_NAME = AppIcon;
				CODE_SIGN_STYLE = Automatic;
				DEVELOPMENT_ASSET_PATHS = "GitHubNotificationManager/Preview\\ Content";
				DEVELOPMENT_TEAM = TQPN82UBBY;
				ENABLE_PREVIEWS = YES;
				FRAMEWORK_PATH = "$(SRCROOT)/Frameworks/";
				INFOPLIST_FILE = GitHubNotificationManager/Info.plist;
				LD_RUNPATH_SEARCH_PATHS = (
					"$(inherited)",
					"@executable_path/Frameworks",
				);
				OTHER_SWIFT_FLAGS = "-DOAUTH_APP_EXTENSIONS";
				PRODUCT_BUNDLE_IDENTIFIER = com.bannzai.NotificationHub;
				PRODUCT_NAME = NotificationHub;
				SWIFT_VERSION = 5.0;
				TARGETED_DEVICE_FAMILY = "1,2";
			};
			name = Debug;
		};
		BA60429422A7409400345259 /* Release */ = {
			isa = XCBuildConfiguration;
			buildSettings = {
				ALWAYS_EMBED_SWIFT_STANDARD_LIBRARIES = YES;
				ASSETCATALOG_COMPILER_APPICON_NAME = AppIcon;
				CODE_SIGN_STYLE = Automatic;
				DEVELOPMENT_ASSET_PATHS = "GitHubNotificationManager/Preview\\ Content";
				DEVELOPMENT_TEAM = TQPN82UBBY;
				ENABLE_PREVIEWS = YES;
				FRAMEWORK_PATH = "$(SRCROOT)/Frameworks/";
				INFOPLIST_FILE = GitHubNotificationManager/Info.plist;
				LD_RUNPATH_SEARCH_PATHS = (
					"$(inherited)",
					"@executable_path/Frameworks",
				);
				OTHER_SWIFT_FLAGS = "-DOAUTH_APP_EXTENSIONS";
				PRODUCT_BUNDLE_IDENTIFIER = com.bannzai.NotificationHub;
				PRODUCT_NAME = NotificationHub;
				SWIFT_VERSION = 5.0;
				TARGETED_DEVICE_FAMILY = "1,2";
			};
			name = Release;
		};
		BA60429622A7409400345259 /* Debug */ = {
			isa = XCBuildConfiguration;
			buildSettings = {
				ALWAYS_EMBED_SWIFT_STANDARD_LIBRARIES = YES;
				BUNDLE_LOADER = "$(TEST_HOST)";
				CODE_SIGN_STYLE = Automatic;
				INFOPLIST_FILE = GitHubNotificationManagerTests/Info.plist;
				LD_RUNPATH_SEARCH_PATHS = (
					"$(inherited)",
					"@executable_path/Frameworks",
					"@loader_path/Frameworks",
				);
				PRODUCT_BUNDLE_IDENTIFIER = com.bannzai.GitHubNotificationManagerTests;
				PRODUCT_NAME = "$(TARGET_NAME)";
				SWIFT_VERSION = 5.0;
				TARGETED_DEVICE_FAMILY = "1,2";
				TEST_HOST = "$(BUILT_PRODUCTS_DIR)/GitHubNotificationManager.app/GitHubNotificationManager";
			};
			name = Debug;
		};
		BA60429722A7409400345259 /* Release */ = {
			isa = XCBuildConfiguration;
			buildSettings = {
				ALWAYS_EMBED_SWIFT_STANDARD_LIBRARIES = YES;
				BUNDLE_LOADER = "$(TEST_HOST)";
				CODE_SIGN_STYLE = Automatic;
				INFOPLIST_FILE = GitHubNotificationManagerTests/Info.plist;
				LD_RUNPATH_SEARCH_PATHS = (
					"$(inherited)",
					"@executable_path/Frameworks",
					"@loader_path/Frameworks",
				);
				PRODUCT_BUNDLE_IDENTIFIER = com.bannzai.GitHubNotificationManagerTests;
				PRODUCT_NAME = "$(TARGET_NAME)";
				SWIFT_VERSION = 5.0;
				TARGETED_DEVICE_FAMILY = "1,2";
				TEST_HOST = "$(BUILT_PRODUCTS_DIR)/GitHubNotificationManager.app/GitHubNotificationManager";
			};
			name = Release;
		};
		BA60429922A7409400345259 /* Debug */ = {
			isa = XCBuildConfiguration;
			buildSettings = {
				ALWAYS_EMBED_SWIFT_STANDARD_LIBRARIES = YES;
				CODE_SIGN_STYLE = Automatic;
				INFOPLIST_FILE = GitHubNotificationManagerUITests/Info.plist;
				LD_RUNPATH_SEARCH_PATHS = (
					"$(inherited)",
					"@executable_path/Frameworks",
					"@loader_path/Frameworks",
				);
				PRODUCT_BUNDLE_IDENTIFIER = com.bannzai.GitHubNotificationManagerUITests;
				PRODUCT_NAME = "$(TARGET_NAME)";
				SWIFT_VERSION = 5.0;
				TARGETED_DEVICE_FAMILY = "1,2";
				TEST_TARGET_NAME = GitHubNotificationManager;
			};
			name = Debug;
		};
		BA60429A22A7409400345259 /* Release */ = {
			isa = XCBuildConfiguration;
			buildSettings = {
				ALWAYS_EMBED_SWIFT_STANDARD_LIBRARIES = YES;
				CODE_SIGN_STYLE = Automatic;
				INFOPLIST_FILE = GitHubNotificationManagerUITests/Info.plist;
				LD_RUNPATH_SEARCH_PATHS = (
					"$(inherited)",
					"@executable_path/Frameworks",
					"@loader_path/Frameworks",
				);
				PRODUCT_BUNDLE_IDENTIFIER = com.bannzai.GitHubNotificationManagerUITests;
				PRODUCT_NAME = "$(TARGET_NAME)";
				SWIFT_VERSION = 5.0;
				TARGETED_DEVICE_FAMILY = "1,2";
				TEST_TARGET_NAME = GitHubNotificationManager;
			};
			name = Release;
		};
		BA6042E122A7CAD500345259 /* Debug */ = {
			isa = XCBuildConfiguration;
			buildSettings = {
				CODE_SIGN_STYLE = Automatic;
				CURRENT_PROJECT_VERSION = 1;
				DEFINES_MODULE = YES;
				DYLIB_COMPATIBILITY_VERSION = 1;
				DYLIB_CURRENT_VERSION = 1;
				DYLIB_INSTALL_NAME_BASE = "@rpath";
				INFOPLIST_FILE = "$(SRCROOT)/GitHubNotificationManager/Frameworks/GitHubNotificationManagerCore/Info.plist";
				INSTALL_PATH = "$(LOCAL_LIBRARY_DIR)/Frameworks";
				LD_RUNPATH_SEARCH_PATHS = (
					"$(inherited)",
					"@executable_path/Frameworks",
					"@loader_path/Frameworks",
				);
				PRODUCT_BUNDLE_IDENTIFIER = com.bannzai.Core;
				PRODUCT_NAME = "$(TARGET_NAME:c99extidentifier)";
				SKIP_INSTALL = YES;
				SWIFT_VERSION = 5.0;
				TARGETED_DEVICE_FAMILY = "1,2";
				VERSIONING_SYSTEM = "apple-generic";
				VERSION_INFO_PREFIX = "";
			};
			name = Debug;
		};
		BA6042E222A7CAD500345259 /* Release */ = {
			isa = XCBuildConfiguration;
			buildSettings = {
				CODE_SIGN_STYLE = Automatic;
				CURRENT_PROJECT_VERSION = 1;
				DEFINES_MODULE = YES;
				DYLIB_COMPATIBILITY_VERSION = 1;
				DYLIB_CURRENT_VERSION = 1;
				DYLIB_INSTALL_NAME_BASE = "@rpath";
				INFOPLIST_FILE = "$(SRCROOT)/GitHubNotificationManager/Frameworks/GitHubNotificationManagerCore/Info.plist";
				INSTALL_PATH = "$(LOCAL_LIBRARY_DIR)/Frameworks";
				LD_RUNPATH_SEARCH_PATHS = (
					"$(inherited)",
					"@executable_path/Frameworks",
					"@loader_path/Frameworks",
				);
				PRODUCT_BUNDLE_IDENTIFIER = com.bannzai.Core;
				PRODUCT_NAME = "$(TARGET_NAME:c99extidentifier)";
				SKIP_INSTALL = YES;
				SWIFT_VERSION = 5.0;
				TARGETED_DEVICE_FAMILY = "1,2";
				VERSIONING_SYSTEM = "apple-generic";
				VERSION_INFO_PREFIX = "";
			};
			name = Release;
		};
		BA60430622A7CE1E00345259 /* Debug */ = {
			isa = XCBuildConfiguration;
			buildSettings = {
				CODE_SIGN_STYLE = Automatic;
				CURRENT_PROJECT_VERSION = 1;
				DEFINES_MODULE = YES;
				DYLIB_COMPATIBILITY_VERSION = 1;
				DYLIB_CURRENT_VERSION = 1;
				DYLIB_INSTALL_NAME_BASE = "@rpath";
				INFOPLIST_FILE = "$(SRCROOT)/GitHubNotificationManager/Frameworks/GitHubNotificationManagerNetwork/Info.plist";
				INSTALL_PATH = "$(LOCAL_LIBRARY_DIR)/Frameworks";
				LD_RUNPATH_SEARCH_PATHS = (
					"$(inherited)",
					"@executable_path/Frameworks",
					"@loader_path/Frameworks",
				);
				PRODUCT_BUNDLE_IDENTIFIER = com.bannzai.Network;
				PRODUCT_NAME = "$(TARGET_NAME:c99extidentifier)";
				SKIP_INSTALL = YES;
				SWIFT_VERSION = 5.0;
				TARGETED_DEVICE_FAMILY = "1,2";
				VERSIONING_SYSTEM = "apple-generic";
				VERSION_INFO_PREFIX = "";
			};
			name = Debug;
		};
		BA60430722A7CE1E00345259 /* Release */ = {
			isa = XCBuildConfiguration;
			buildSettings = {
				CODE_SIGN_STYLE = Automatic;
				CURRENT_PROJECT_VERSION = 1;
				DEFINES_MODULE = YES;
				DYLIB_COMPATIBILITY_VERSION = 1;
				DYLIB_CURRENT_VERSION = 1;
				DYLIB_INSTALL_NAME_BASE = "@rpath";
				INFOPLIST_FILE = "$(SRCROOT)/GitHubNotificationManager/Frameworks/GitHubNotificationManagerNetwork/Info.plist";
				INSTALL_PATH = "$(LOCAL_LIBRARY_DIR)/Frameworks";
				LD_RUNPATH_SEARCH_PATHS = (
					"$(inherited)",
					"@executable_path/Frameworks",
					"@loader_path/Frameworks",
				);
				PRODUCT_BUNDLE_IDENTIFIER = com.bannzai.Network;
				PRODUCT_NAME = "$(TARGET_NAME:c99extidentifier)";
				SKIP_INSTALL = YES;
				SWIFT_VERSION = 5.0;
				TARGETED_DEVICE_FAMILY = "1,2";
				VERSIONING_SYSTEM = "apple-generic";
				VERSION_INFO_PREFIX = "";
			};
			name = Release;
		};
/* End XCBuildConfiguration section */

/* Begin XCConfigurationList section */
		BA60426322A7409300345259 /* Build configuration list for PBXProject "GitHubNotificationManager" */ = {
			isa = XCConfigurationList;
			buildConfigurations = (
				BA60429022A7409400345259 /* Debug */,
				BA60429122A7409400345259 /* Release */,
			);
			defaultConfigurationIsVisible = 0;
			defaultConfigurationName = Release;
		};
		BA60429222A7409400345259 /* Build configuration list for PBXNativeTarget "GitHubNotificationManager" */ = {
			isa = XCConfigurationList;
			buildConfigurations = (
				BA60429322A7409400345259 /* Debug */,
				BA60429422A7409400345259 /* Release */,
			);
			defaultConfigurationIsVisible = 0;
			defaultConfigurationName = Release;
		};
		BA60429522A7409400345259 /* Build configuration list for PBXNativeTarget "GitHubNotificationManagerTests" */ = {
			isa = XCConfigurationList;
			buildConfigurations = (
				BA60429622A7409400345259 /* Debug */,
				BA60429722A7409400345259 /* Release */,
			);
			defaultConfigurationIsVisible = 0;
			defaultConfigurationName = Release;
		};
		BA60429822A7409400345259 /* Build configuration list for PBXNativeTarget "GitHubNotificationManagerUITests" */ = {
			isa = XCConfigurationList;
			buildConfigurations = (
				BA60429922A7409400345259 /* Debug */,
				BA60429A22A7409400345259 /* Release */,
			);
			defaultConfigurationIsVisible = 0;
			defaultConfigurationName = Release;
		};
		BA6042E522A7CAD500345259 /* Build configuration list for PBXNativeTarget "GitHubNotificationManagerCore" */ = {
			isa = XCConfigurationList;
			buildConfigurations = (
				BA6042E122A7CAD500345259 /* Debug */,
				BA6042E222A7CAD500345259 /* Release */,
			);
			defaultConfigurationIsVisible = 0;
			defaultConfigurationName = Release;
		};
		BA60430522A7CE1E00345259 /* Build configuration list for PBXNativeTarget "GitHubNotificationManagerNetwork" */ = {
			isa = XCConfigurationList;
			buildConfigurations = (
				BA60430622A7CE1E00345259 /* Debug */,
				BA60430722A7CE1E00345259 /* Release */,
			);
			defaultConfigurationIsVisible = 0;
			defaultConfigurationName = Release;
		};
/* End XCConfigurationList section */

/* Begin XCRemoteSwiftPackageReference section */
		BAC1277D22A83D0900B52862 /* XCRemoteSwiftPackageReference "Nuke" */ = {
			isa = XCRemoteSwiftPackageReference;
			repositoryURL = "https://github.com/kean/Nuke";
			requirement = {
				kind = upToNextMajorVersion;
				minimumVersion = 8.2.0;
			};
		};
		BACDC7FB23464B9400C4A1AE /* XCRemoteSwiftPackageReference "OAuthSwift" */ = {
			isa = XCRemoteSwiftPackageReference;
			repositoryURL = "https://github.com/bannzai/OAuthSwift/";
			requirement = {
				branch = escape/error/swift_package_manager;
				kind = branch;
			};
		};
/* End XCRemoteSwiftPackageReference section */

/* Begin XCSwiftPackageProductDependency section */
		BAC1277E22A83D0900B52862 /* Nuke */ = {
			isa = XCSwiftPackageProductDependency;
			package = BAC1277D22A83D0900B52862 /* XCRemoteSwiftPackageReference "Nuke" */;
			productName = Nuke;
		};
		BACDC7FC23464B9400C4A1AE /* OAuthSwift */ = {
			isa = XCSwiftPackageProductDependency;
			package = BACDC7FB23464B9400C4A1AE /* XCRemoteSwiftPackageReference "OAuthSwift" */;
			productName = OAuthSwift;
		};
/* End XCSwiftPackageProductDependency section */

/* Begin XCVersionGroup section */
		33953BFE235247AD000AED79 /* GitHubNotificationManager.xcdatamodeld */ = {
			isa = XCVersionGroup;
			children = (
				33953BFF235247AD000AED79 /* GitHubNotificationManager.xcdatamodel */,
			);
			currentVersion = 33953BFF235247AD000AED79 /* GitHubNotificationManager.xcdatamodel */;
			path = GitHubNotificationManager.xcdatamodeld;
			sourceTree = "<group>";
			versionGroupType = wrapper.xcdatamodel;
		};
/* End XCVersionGroup section */
	};
	rootObject = BA60426022A7409300345259 /* Project object */;
}
