// !$*UTF8*$!
{
	archiveVersion = 1;
	classes = {
	};
	objectVersion = 52;
	objects = {

/* Begin PBXBuildFile section */
		BA60426C22A7409300345259 /* AppDelegate.swift in Sources */ = {isa = PBXBuildFile; fileRef = BA60426B22A7409300345259 /* AppDelegate.swift */; };
		BA60426E22A7409300345259 /* SceneDelegate.swift in Sources */ = {isa = PBXBuildFile; fileRef = BA60426D22A7409300345259 /* SceneDelegate.swift */; };
		BA60427022A7409300345259 /* ContentView.swift in Sources */ = {isa = PBXBuildFile; fileRef = BA60426F22A7409300345259 /* ContentView.swift */; };
		BA60427222A7409400345259 /* Assets.xcassets in Resources */ = {isa = PBXBuildFile; fileRef = BA60427122A7409400345259 /* Assets.xcassets */; };
		BA60427522A7409400345259 /* Preview Assets.xcassets in Resources */ = {isa = PBXBuildFile; fileRef = BA60427422A7409400345259 /* Preview Assets.xcassets */; };
		BA60427822A7409400345259 /* LaunchScreen.storyboard in Resources */ = {isa = PBXBuildFile; fileRef = BA60427622A7409400345259 /* LaunchScreen.storyboard */; };
		BA60428322A7409400345259 /* GitHubNotificationManagerTests.swift in Sources */ = {isa = PBXBuildFile; fileRef = BA60428222A7409400345259 /* GitHubNotificationManagerTests.swift */; };
		BA60428E22A7409400345259 /* GitHubNotificationManagerUITests.swift in Sources */ = {isa = PBXBuildFile; fileRef = BA60428D22A7409400345259 /* GitHubNotificationManagerUITests.swift */; };
		BA60429C22A740B000345259 /* APIClient.swift in Sources */ = {isa = PBXBuildFile; fileRef = BA60429B22A740B000345259 /* APIClient.swift */; };
		BA6042D222A7CAD500345259 /* GitHubNotificationManagerCore.framework in Frameworks */ = {isa = PBXBuildFile; fileRef = BA6042C922A7CAD500345259 /* GitHubNotificationManagerCore.framework */; };
		BA6042D922A7CAD500345259 /* CoreTests.swift in Sources */ = {isa = PBXBuildFile; fileRef = BA6042D822A7CAD500345259 /* CoreTests.swift */; };
		BA6042DB22A7CAD500345259 /* Core.h in Headers */ = {isa = PBXBuildFile; fileRef = BA6042CB22A7CAD500345259 /* Core.h */; settings = {ATTRIBUTES = (Public, ); }; };
		BA6042DE22A7CAD500345259 /* GitHubNotificationManagerCore.framework in Frameworks */ = {isa = PBXBuildFile; fileRef = BA6042C922A7CAD500345259 /* GitHubNotificationManagerCore.framework */; };
		BA6042DF22A7CAD500345259 /* GitHubNotificationManagerCore.framework in Embed Frameworks */ = {isa = PBXBuildFile; fileRef = BA6042C922A7CAD500345259 /* GitHubNotificationManagerCore.framework */; settings = {ATTRIBUTES = (CodeSignOnCopy, RemoveHeadersOnCopy, ); }; };
		BA6042F722A7CE1E00345259 /* GitHubNotificationManagerNetwork.framework in Frameworks */ = {isa = PBXBuildFile; fileRef = BA6042EE22A7CE1E00345259 /* GitHubNotificationManagerNetwork.framework */; };
		BA6042FE22A7CE1E00345259 /* NetworkTests.swift in Sources */ = {isa = PBXBuildFile; fileRef = BA6042FD22A7CE1E00345259 /* NetworkTests.swift */; };
		BA60430022A7CE1E00345259 /* Network.h in Headers */ = {isa = PBXBuildFile; fileRef = BA6042F022A7CE1E00345259 /* Network.h */; settings = {ATTRIBUTES = (Public, ); }; };
		BA60430322A7CE1E00345259 /* GitHubNotificationManagerNetwork.framework in Frameworks */ = {isa = PBXBuildFile; fileRef = BA6042EE22A7CE1E00345259 /* GitHubNotificationManagerNetwork.framework */; };
		BA60430422A7CE1E00345259 /* GitHubNotificationManagerNetwork.framework in Embed Frameworks */ = {isa = PBXBuildFile; fileRef = BA6042EE22A7CE1E00345259 /* GitHubNotificationManagerNetwork.framework */; settings = {ATTRIBUTES = (CodeSignOnCopy, RemoveHeadersOnCopy, ); }; };
		BAC1276522A82F7500B52862 /* CoreAPIClient.swift in Sources */ = {isa = PBXBuildFile; fileRef = BA60430D22A7CE7E00345259 /* CoreAPIClient.swift */; };
		BAC1276622A82F7C00B52862 /* APIRequest.swift in Sources */ = {isa = PBXBuildFile; fileRef = BA60431222A7CEBF00345259 /* APIRequest.swift */; };
		BAC1276722A82F8000B52862 /* AuthorizationHeader.swift in Sources */ = {isa = PBXBuildFile; fileRef = BA60432522A7D68700345259 /* AuthorizationHeader.swift */; };
		BAC1276822A82F8000B52862 /* HTTPPathConvertible.swift in Sources */ = {isa = PBXBuildFile; fileRef = BA60432322A7D41D00345259 /* HTTPPathConvertible.swift */; };
		BAC1276922A82F8000B52862 /* HTTPHeader.swift in Sources */ = {isa = PBXBuildFile; fileRef = BA60432122A7D3D400345259 /* HTTPHeader.swift */; };
		BAC1276A22A82F8000B52862 /* Query.swift in Sources */ = {isa = PBXBuildFile; fileRef = BA60431F22A7D3C700345259 /* Query.swift */; };
		BAC1276B22A82F8000B52862 /* HTTPBody.swift in Sources */ = {isa = PBXBuildFile; fileRef = BA60431622A7D1D900345259 /* HTTPBody.swift */; };
		BAC1276C22A82F8000B52862 /* HTTPMethod.swift in Sources */ = {isa = PBXBuildFile; fileRef = BA60431822A7D1ED00345259 /* HTTPMethod.swift */; };
		BAC1276D22A82F8000B52862 /* URLEncoder.swift in Sources */ = {isa = PBXBuildFile; fileRef = BA60431422A7D12900345259 /* URLEncoder.swift */; };
		BAC1276E22A82F8700B52862 /* Notification.swift in Sources */ = {isa = PBXBuildFile; fileRef = BA60432F22A82A0900345259 /* Notification.swift */; };
		BAC1276F22A82F8700B52862 /* NotificationsRequest.swift in Sources */ = {isa = PBXBuildFile; fileRef = BA60432A22A7D99B00345259 /* NotificationsRequest.swift */; };
		BAC1277022A82F8700B52862 /* GitHubAPI.swift in Sources */ = {isa = PBXBuildFile; fileRef = BA60431B22A7D22900345259 /* GitHubAPI.swift */; };
		BAC1277122A82F8700B52862 /* GitHubAPIRequest.swift in Sources */ = {isa = PBXBuildFile; fileRef = BA60431D22A7D2FF00345259 /* GitHubAPIRequest.swift */; };
		BAC1277222A82F8700B52862 /* GitHubAPIAuthorization.swift in Sources */ = {isa = PBXBuildFile; fileRef = BA60432722A7D91200345259 /* GitHubAPIAuthorization.swift */; };
		BAC1277322A82F9200B52862 /* Secret.swift in Sources */ = {isa = PBXBuildFile; fileRef = BA60429E22A7C91000345259 /* Secret.swift */; };
		BAC1277522A830CF00B52862 /* GitHubNotificationManagerCore.framework in Frameworks */ = {isa = PBXBuildFile; fileRef = BA6042C922A7CAD500345259 /* GitHubNotificationManagerCore.framework */; };
		BAC1277622A830CF00B52862 /* GitHubNotificationManagerCore.framework in Embed Frameworks */ = {isa = PBXBuildFile; fileRef = BA6042C922A7CAD500345259 /* GitHubNotificationManagerCore.framework */; settings = {ATTRIBUTES = (CodeSignOnCopy, RemoveHeadersOnCopy, ); }; };
		BAC1277F22A83D0900B52862 /* Nuke in Frameworks */ = {isa = PBXBuildFile; productRef = BAC1277E22A83D0900B52862 /* Nuke */; };
		BAC127B322A83F8400B52862 /* GitHubNotificationManagerUIComponents.framework in Frameworks */ = {isa = PBXBuildFile; fileRef = BAC127AA22A83F8400B52862 /* GitHubNotificationManagerUIComponents.framework */; };
		BAC127BA22A83F8400B52862 /* GitHubNotificationManagerUIComponentsTests.swift in Sources */ = {isa = PBXBuildFile; fileRef = BAC127B922A83F8400B52862 /* GitHubNotificationManagerUIComponentsTests.swift */; };
		BAC127BC22A83F8400B52862 /* GitHubNotificationManagerUIComponents.h in Headers */ = {isa = PBXBuildFile; fileRef = BAC127AC22A83F8400B52862 /* GitHubNotificationManagerUIComponents.h */; settings = {ATTRIBUTES = (Public, ); }; };
		BAC127BF22A83F8400B52862 /* GitHubNotificationManagerUIComponents.framework in Frameworks */ = {isa = PBXBuildFile; fileRef = BAC127AA22A83F8400B52862 /* GitHubNotificationManagerUIComponents.framework */; };
		BAC127C022A83F8400B52862 /* GitHubNotificationManagerUIComponents.framework in Embed Frameworks */ = {isa = PBXBuildFile; fileRef = BAC127AA22A83F8400B52862 /* GitHubNotificationManagerUIComponents.framework */; settings = {ATTRIBUTES = (CodeSignOnCopy, RemoveHeadersOnCopy, ); }; };
		BAC127D122A841B300B52862 /* ImageLoader.swift in Sources */ = {isa = PBXBuildFile; fileRef = BAC1278122A83DBC00B52862 /* ImageLoader.swift */; };
/* End PBXBuildFile section */

/* Begin PBXContainerItemProxy section */
		BA60427F22A7409400345259 /* PBXContainerItemProxy */ = {
			isa = PBXContainerItemProxy;
			containerPortal = BA60426022A7409300345259 /* Project object */;
			proxyType = 1;
			remoteGlobalIDString = BA60426722A7409300345259;
			remoteInfo = GitHubNotificationManager;
		};
		BA60428A22A7409400345259 /* PBXContainerItemProxy */ = {
			isa = PBXContainerItemProxy;
			containerPortal = BA60426022A7409300345259 /* Project object */;
			proxyType = 1;
			remoteGlobalIDString = BA60426722A7409300345259;
			remoteInfo = GitHubNotificationManager;
		};
		BA6042D322A7CAD500345259 /* PBXContainerItemProxy */ = {
			isa = PBXContainerItemProxy;
			containerPortal = BA60426022A7409300345259 /* Project object */;
			proxyType = 1;
			remoteGlobalIDString = BA6042C822A7CAD500345259;
			remoteInfo = Core;
		};
		BA6042D522A7CAD500345259 /* PBXContainerItemProxy */ = {
			isa = PBXContainerItemProxy;
			containerPortal = BA60426022A7409300345259 /* Project object */;
			proxyType = 1;
			remoteGlobalIDString = BA60426722A7409300345259;
			remoteInfo = GitHubNotificationManager;
		};
		BA6042DC22A7CAD500345259 /* PBXContainerItemProxy */ = {
			isa = PBXContainerItemProxy;
			containerPortal = BA60426022A7409300345259 /* Project object */;
			proxyType = 1;
			remoteGlobalIDString = BA6042C822A7CAD500345259;
			remoteInfo = Core;
		};
		BA6042F822A7CE1E00345259 /* PBXContainerItemProxy */ = {
			isa = PBXContainerItemProxy;
			containerPortal = BA60426022A7409300345259 /* Project object */;
			proxyType = 1;
			remoteGlobalIDString = BA6042ED22A7CE1E00345259;
			remoteInfo = Network;
		};
		BA6042FA22A7CE1E00345259 /* PBXContainerItemProxy */ = {
			isa = PBXContainerItemProxy;
			containerPortal = BA60426022A7409300345259 /* Project object */;
			proxyType = 1;
			remoteGlobalIDString = BA60426722A7409300345259;
			remoteInfo = GitHubNotificationManager;
		};
		BA60430122A7CE1E00345259 /* PBXContainerItemProxy */ = {
			isa = PBXContainerItemProxy;
			containerPortal = BA60426022A7409300345259 /* Project object */;
			proxyType = 1;
			remoteGlobalIDString = BA6042ED22A7CE1E00345259;
			remoteInfo = Network;
		};
		BAC1277722A830CF00B52862 /* PBXContainerItemProxy */ = {
			isa = PBXContainerItemProxy;
			containerPortal = BA60426022A7409300345259 /* Project object */;
			proxyType = 1;
			remoteGlobalIDString = BA6042C822A7CAD500345259;
			remoteInfo = GitHubNotificationManagerCore;
		};
		BAC127B422A83F8400B52862 /* PBXContainerItemProxy */ = {
			isa = PBXContainerItemProxy;
			containerPortal = BA60426022A7409300345259 /* Project object */;
			proxyType = 1;
			remoteGlobalIDString = BAC127A922A83F8400B52862;
			remoteInfo = GitHubNotificationManagerUIComponents;
		};
		BAC127B622A83F8400B52862 /* PBXContainerItemProxy */ = {
			isa = PBXContainerItemProxy;
			containerPortal = BA60426022A7409300345259 /* Project object */;
			proxyType = 1;
			remoteGlobalIDString = BA60426722A7409300345259;
			remoteInfo = GitHubNotificationManager;
		};
		BAC127BD22A83F8400B52862 /* PBXContainerItemProxy */ = {
			isa = PBXContainerItemProxy;
			containerPortal = BA60426022A7409300345259 /* Project object */;
			proxyType = 1;
			remoteGlobalIDString = BAC127A922A83F8400B52862;
			remoteInfo = GitHubNotificationManagerUIComponents;
		};
/* End PBXContainerItemProxy section */

/* Begin PBXCopyFilesBuildPhase section */
		BA6042E022A7CAD500345259 /* Embed Frameworks */ = {
			isa = PBXCopyFilesBuildPhase;
			buildActionMask = 2147483647;
			dstPath = "";
			dstSubfolderSpec = 10;
			files = (
				BA6042DF22A7CAD500345259 /* GitHubNotificationManagerCore.framework in Embed Frameworks */,
				BA60430422A7CE1E00345259 /* GitHubNotificationManagerNetwork.framework in Embed Frameworks */,
				BAC127C022A83F8400B52862 /* GitHubNotificationManagerUIComponents.framework in Embed Frameworks */,
			);
			name = "Embed Frameworks";
			runOnlyForDeploymentPostprocessing = 0;
		};
		BAC1277922A830CF00B52862 /* Embed Frameworks */ = {
			isa = PBXCopyFilesBuildPhase;
			buildActionMask = 2147483647;
			dstPath = "";
			dstSubfolderSpec = 10;
			files = (
				BAC1277622A830CF00B52862 /* GitHubNotificationManagerCore.framework in Embed Frameworks */,
			);
			name = "Embed Frameworks";
			runOnlyForDeploymentPostprocessing = 0;
		};
/* End PBXCopyFilesBuildPhase section */

/* Begin PBXFileReference section */
		BA60426822A7409300345259 /* GitHubNotificationManager.app */ = {isa = PBXFileReference; explicitFileType = wrapper.application; includeInIndex = 0; path = GitHubNotificationManager.app; sourceTree = BUILT_PRODUCTS_DIR; };
		BA60426B22A7409300345259 /* AppDelegate.swift */ = {isa = PBXFileReference; lastKnownFileType = sourcecode.swift; path = AppDelegate.swift; sourceTree = "<group>"; };
		BA60426D22A7409300345259 /* SceneDelegate.swift */ = {isa = PBXFileReference; lastKnownFileType = sourcecode.swift; path = SceneDelegate.swift; sourceTree = "<group>"; };
		BA60426F22A7409300345259 /* ContentView.swift */ = {isa = PBXFileReference; lastKnownFileType = sourcecode.swift; path = ContentView.swift; sourceTree = "<group>"; };
		BA60427122A7409400345259 /* Assets.xcassets */ = {isa = PBXFileReference; lastKnownFileType = folder.assetcatalog; path = Assets.xcassets; sourceTree = "<group>"; };
		BA60427422A7409400345259 /* Preview Assets.xcassets */ = {isa = PBXFileReference; lastKnownFileType = folder.assetcatalog; path = "Preview Assets.xcassets"; sourceTree = "<group>"; };
		BA60427722A7409400345259 /* Base */ = {isa = PBXFileReference; lastKnownFileType = file.storyboard; name = Base; path = Base.lproj/LaunchScreen.storyboard; sourceTree = "<group>"; };
		BA60427922A7409400345259 /* Info.plist */ = {isa = PBXFileReference; lastKnownFileType = text.plist.xml; path = Info.plist; sourceTree = "<group>"; };
		BA60427E22A7409400345259 /* GitHubNotificationManagerTests.xctest */ = {isa = PBXFileReference; explicitFileType = wrapper.cfbundle; includeInIndex = 0; path = GitHubNotificationManagerTests.xctest; sourceTree = BUILT_PRODUCTS_DIR; };
		BA60428222A7409400345259 /* GitHubNotificationManagerTests.swift */ = {isa = PBXFileReference; lastKnownFileType = sourcecode.swift; path = GitHubNotificationManagerTests.swift; sourceTree = "<group>"; };
		BA60428422A7409400345259 /* Info.plist */ = {isa = PBXFileReference; lastKnownFileType = text.plist.xml; path = Info.plist; sourceTree = "<group>"; };
		BA60428922A7409400345259 /* GitHubNotificationManagerUITests.xctest */ = {isa = PBXFileReference; explicitFileType = wrapper.cfbundle; includeInIndex = 0; path = GitHubNotificationManagerUITests.xctest; sourceTree = BUILT_PRODUCTS_DIR; };
		BA60428D22A7409400345259 /* GitHubNotificationManagerUITests.swift */ = {isa = PBXFileReference; lastKnownFileType = sourcecode.swift; path = GitHubNotificationManagerUITests.swift; sourceTree = "<group>"; };
		BA60428F22A7409400345259 /* Info.plist */ = {isa = PBXFileReference; lastKnownFileType = text.plist.xml; path = Info.plist; sourceTree = "<group>"; };
		BA60429B22A740B000345259 /* APIClient.swift */ = {isa = PBXFileReference; lastKnownFileType = sourcecode.swift; path = APIClient.swift; sourceTree = "<group>"; };
		BA60429E22A7C91000345259 /* Secret.swift */ = {isa = PBXFileReference; lastKnownFileType = sourcecode.swift; path = Secret.swift; sourceTree = "<group>"; };
		BA6042C922A7CAD500345259 /* GitHubNotificationManagerCore.framework */ = {isa = PBXFileReference; explicitFileType = wrapper.framework; includeInIndex = 0; path = GitHubNotificationManagerCore.framework; sourceTree = BUILT_PRODUCTS_DIR; };
		BA6042CB22A7CAD500345259 /* Core.h */ = {isa = PBXFileReference; lastKnownFileType = sourcecode.c.h; path = Core.h; sourceTree = "<group>"; };
		BA6042CC22A7CAD500345259 /* Info.plist */ = {isa = PBXFileReference; lastKnownFileType = text.plist.xml; path = Info.plist; sourceTree = "<group>"; };
		BA6042D122A7CAD500345259 /* CoreTests.xctest */ = {isa = PBXFileReference; explicitFileType = wrapper.cfbundle; includeInIndex = 0; path = CoreTests.xctest; sourceTree = BUILT_PRODUCTS_DIR; };
		BA6042D822A7CAD500345259 /* CoreTests.swift */ = {isa = PBXFileReference; lastKnownFileType = sourcecode.swift; path = CoreTests.swift; sourceTree = "<group>"; };
		BA6042DA22A7CAD500345259 /* Info.plist */ = {isa = PBXFileReference; lastKnownFileType = text.plist.xml; path = Info.plist; sourceTree = "<group>"; };
		BA6042EE22A7CE1E00345259 /* GitHubNotificationManagerNetwork.framework */ = {isa = PBXFileReference; explicitFileType = wrapper.framework; includeInIndex = 0; path = GitHubNotificationManagerNetwork.framework; sourceTree = BUILT_PRODUCTS_DIR; };
		BA6042F022A7CE1E00345259 /* Network.h */ = {isa = PBXFileReference; lastKnownFileType = sourcecode.c.h; path = Network.h; sourceTree = "<group>"; };
		BA6042F122A7CE1E00345259 /* Info.plist */ = {isa = PBXFileReference; lastKnownFileType = text.plist.xml; path = Info.plist; sourceTree = "<group>"; };
		BA6042F622A7CE1E00345259 /* NetworkTests.xctest */ = {isa = PBXFileReference; explicitFileType = wrapper.cfbundle; includeInIndex = 0; path = NetworkTests.xctest; sourceTree = BUILT_PRODUCTS_DIR; };
		BA6042FD22A7CE1E00345259 /* NetworkTests.swift */ = {isa = PBXFileReference; lastKnownFileType = sourcecode.swift; path = NetworkTests.swift; sourceTree = "<group>"; };
		BA6042FF22A7CE1E00345259 /* Info.plist */ = {isa = PBXFileReference; lastKnownFileType = text.plist.xml; path = Info.plist; sourceTree = "<group>"; };
		BA60430D22A7CE7E00345259 /* CoreAPIClient.swift */ = {isa = PBXFileReference; lastKnownFileType = sourcecode.swift; path = CoreAPIClient.swift; sourceTree = "<group>"; };
		BA60431222A7CEBF00345259 /* APIRequest.swift */ = {isa = PBXFileReference; lastKnownFileType = sourcecode.swift; path = APIRequest.swift; sourceTree = "<group>"; };
		BA60431422A7D12900345259 /* URLEncoder.swift */ = {isa = PBXFileReference; lastKnownFileType = sourcecode.swift; path = URLEncoder.swift; sourceTree = "<group>"; };
		BA60431622A7D1D900345259 /* HTTPBody.swift */ = {isa = PBXFileReference; lastKnownFileType = sourcecode.swift; path = HTTPBody.swift; sourceTree = "<group>"; };
		BA60431822A7D1ED00345259 /* HTTPMethod.swift */ = {isa = PBXFileReference; lastKnownFileType = sourcecode.swift; path = HTTPMethod.swift; sourceTree = "<group>"; };
		BA60431B22A7D22900345259 /* GitHubAPI.swift */ = {isa = PBXFileReference; lastKnownFileType = sourcecode.swift; path = GitHubAPI.swift; sourceTree = "<group>"; };
		BA60431D22A7D2FF00345259 /* GitHubAPIRequest.swift */ = {isa = PBXFileReference; lastKnownFileType = sourcecode.swift; path = GitHubAPIRequest.swift; sourceTree = "<group>"; };
		BA60431F22A7D3C700345259 /* Query.swift */ = {isa = PBXFileReference; lastKnownFileType = sourcecode.swift; path = Query.swift; sourceTree = "<group>"; };
		BA60432122A7D3D400345259 /* HTTPHeader.swift */ = {isa = PBXFileReference; lastKnownFileType = sourcecode.swift; path = HTTPHeader.swift; sourceTree = "<group>"; };
		BA60432322A7D41D00345259 /* HTTPPathConvertible.swift */ = {isa = PBXFileReference; lastKnownFileType = sourcecode.swift; path = HTTPPathConvertible.swift; sourceTree = "<group>"; };
		BA60432522A7D68700345259 /* AuthorizationHeader.swift */ = {isa = PBXFileReference; lastKnownFileType = sourcecode.swift; path = AuthorizationHeader.swift; sourceTree = "<group>"; };
		BA60432722A7D91200345259 /* GitHubAPIAuthorization.swift */ = {isa = PBXFileReference; lastKnownFileType = sourcecode.swift; path = GitHubAPIAuthorization.swift; sourceTree = "<group>"; };
		BA60432A22A7D99B00345259 /* NotificationsRequest.swift */ = {isa = PBXFileReference; lastKnownFileType = sourcecode.swift; path = NotificationsRequest.swift; sourceTree = "<group>"; };
		BA60432F22A82A0900345259 /* Notification.swift */ = {isa = PBXFileReference; lastKnownFileType = sourcecode.swift; path = Notification.swift; sourceTree = "<group>"; };
		BAC1278122A83DBC00B52862 /* ImageLoader.swift */ = {isa = PBXFileReference; lastKnownFileType = sourcecode.swift; path = ImageLoader.swift; sourceTree = "<group>"; };
		BAC127AA22A83F8400B52862 /* GitHubNotificationManagerUIComponents.framework */ = {isa = PBXFileReference; explicitFileType = wrapper.framework; includeInIndex = 0; path = GitHubNotificationManagerUIComponents.framework; sourceTree = BUILT_PRODUCTS_DIR; };
		BAC127AC22A83F8400B52862 /* GitHubNotificationManagerUIComponents.h */ = {isa = PBXFileReference; lastKnownFileType = sourcecode.c.h; path = GitHubNotificationManagerUIComponents.h; sourceTree = "<group>"; };
		BAC127AD22A83F8400B52862 /* Info.plist */ = {isa = PBXFileReference; lastKnownFileType = text.plist.xml; path = Info.plist; sourceTree = "<group>"; };
		BAC127B222A83F8400B52862 /* GitHubNotificationManagerUIComponentsTests.xctest */ = {isa = PBXFileReference; explicitFileType = wrapper.cfbundle; includeInIndex = 0; path = GitHubNotificationManagerUIComponentsTests.xctest; sourceTree = BUILT_PRODUCTS_DIR; };
		BAC127B922A83F8400B52862 /* GitHubNotificationManagerUIComponentsTests.swift */ = {isa = PBXFileReference; lastKnownFileType = sourcecode.swift; path = GitHubNotificationManagerUIComponentsTests.swift; sourceTree = "<group>"; };
		BAC127BB22A83F8400B52862 /* Info.plist */ = {isa = PBXFileReference; lastKnownFileType = text.plist.xml; path = Info.plist; sourceTree = "<group>"; };
/* End PBXFileReference section */

/* Begin PBXFrameworksBuildPhase section */
		BA60426522A7409300345259 /* Frameworks */ = {
			isa = PBXFrameworksBuildPhase;
			buildActionMask = 2147483647;
			files = (
				BA6042DE22A7CAD500345259 /* GitHubNotificationManagerCore.framework in Frameworks */,
				BA60430322A7CE1E00345259 /* GitHubNotificationManagerNetwork.framework in Frameworks */,
				BAC127BF22A83F8400B52862 /* GitHubNotificationManagerUIComponents.framework in Frameworks */,
			);
			runOnlyForDeploymentPostprocessing = 0;
		};
		BA60427B22A7409400345259 /* Frameworks */ = {
			isa = PBXFrameworksBuildPhase;
			buildActionMask = 2147483647;
			files = (
			);
			runOnlyForDeploymentPostprocessing = 0;
		};
		BA60428622A7409400345259 /* Frameworks */ = {
			isa = PBXFrameworksBuildPhase;
			buildActionMask = 2147483647;
			files = (
			);
			runOnlyForDeploymentPostprocessing = 0;
		};
		BA6042C622A7CAD500345259 /* Frameworks */ = {
			isa = PBXFrameworksBuildPhase;
			buildActionMask = 2147483647;
			files = (
			);
			runOnlyForDeploymentPostprocessing = 0;
		};
		BA6042CE22A7CAD500345259 /* Frameworks */ = {
			isa = PBXFrameworksBuildPhase;
			buildActionMask = 2147483647;
			files = (
				BA6042D222A7CAD500345259 /* GitHubNotificationManagerCore.framework in Frameworks */,
			);
			runOnlyForDeploymentPostprocessing = 0;
		};
		BA6042EB22A7CE1E00345259 /* Frameworks */ = {
			isa = PBXFrameworksBuildPhase;
			buildActionMask = 2147483647;
			files = (
				BAC1277522A830CF00B52862 /* GitHubNotificationManagerCore.framework in Frameworks */,
				BAC1277F22A83D0900B52862 /* Nuke in Frameworks */,
			);
			runOnlyForDeploymentPostprocessing = 0;
		};
		BA6042F322A7CE1E00345259 /* Frameworks */ = {
			isa = PBXFrameworksBuildPhase;
			buildActionMask = 2147483647;
			files = (
				BA6042F722A7CE1E00345259 /* GitHubNotificationManagerNetwork.framework in Frameworks */,
			);
			runOnlyForDeploymentPostprocessing = 0;
		};
		BAC127A722A83F8400B52862 /* Frameworks */ = {
			isa = PBXFrameworksBuildPhase;
			buildActionMask = 2147483647;
			files = (
			);
			runOnlyForDeploymentPostprocessing = 0;
		};
		BAC127AF22A83F8400B52862 /* Frameworks */ = {
			isa = PBXFrameworksBuildPhase;
			buildActionMask = 2147483647;
			files = (
				BAC127B322A83F8400B52862 /* GitHubNotificationManagerUIComponents.framework in Frameworks */,
			);
			runOnlyForDeploymentPostprocessing = 0;
		};
/* End PBXFrameworksBuildPhase section */

/* Begin PBXGroup section */
		BA60425F22A7409300345259 = {
			isa = PBXGroup;
			children = (
				BA60426A22A7409300345259 /* GitHubNotificationManager */,
				BA60428122A7409400345259 /* GitHubNotificationManagerTests */,
				BA60428C22A7409400345259 /* GitHubNotificationManagerUITests */,
				BA6042D722A7CAD500345259 /* CoreTests */,
				BA6042FC22A7CE1E00345259 /* NetworkTests */,
				BAC127B822A83F8400B52862 /* GitHubNotificationManagerUIComponentsTests */,
				BA60426922A7409300345259 /* Products */,
				BAC1277422A830CF00B52862 /* Frameworks */,
			);
			sourceTree = "<group>";
		};
		BA60426922A7409300345259 /* Products */ = {
			isa = PBXGroup;
			children = (
				BA60426822A7409300345259 /* GitHubNotificationManager.app */,
				BA60427E22A7409400345259 /* GitHubNotificationManagerTests.xctest */,
				BA60428922A7409400345259 /* GitHubNotificationManagerUITests.xctest */,
				BA6042C922A7CAD500345259 /* GitHubNotificationManagerCore.framework */,
				BA6042D122A7CAD500345259 /* CoreTests.xctest */,
				BA6042EE22A7CE1E00345259 /* GitHubNotificationManagerNetwork.framework */,
				BA6042F622A7CE1E00345259 /* NetworkTests.xctest */,
				BAC127AA22A83F8400B52862 /* GitHubNotificationManagerUIComponents.framework */,
				BAC127B222A83F8400B52862 /* GitHubNotificationManagerUIComponentsTests.xctest */,
			);
			name = Products;
			sourceTree = "<group>";
		};
		BA60426A22A7409300345259 /* GitHubNotificationManager */ = {
			isa = PBXGroup;
			children = (
				BA6042E722A7CAF500345259 /* Frameworks */,
				BA60426B22A7409300345259 /* AppDelegate.swift */,
				BA60426D22A7409300345259 /* SceneDelegate.swift */,
				BA60426F22A7409300345259 /* ContentView.swift */,
				BA60427122A7409400345259 /* Assets.xcassets */,
				BA60427622A7409400345259 /* LaunchScreen.storyboard */,
				BA60427922A7409400345259 /* Info.plist */,
				BA60427322A7409400345259 /* Preview Content */,
				BA60429B22A740B000345259 /* APIClient.swift */,
			);
			path = GitHubNotificationManager;
			sourceTree = "<group>";
		};
		BA60427322A7409400345259 /* Preview Content */ = {
			isa = PBXGroup;
			children = (
				BA60427422A7409400345259 /* Preview Assets.xcassets */,
			);
			path = "Preview Content";
			sourceTree = "<group>";
		};
		BA60428122A7409400345259 /* GitHubNotificationManagerTests */ = {
			isa = PBXGroup;
			children = (
				BA60428222A7409400345259 /* GitHubNotificationManagerTests.swift */,
				BA60428422A7409400345259 /* Info.plist */,
			);
			path = GitHubNotificationManagerTests;
			sourceTree = "<group>";
		};
		BA60428C22A7409400345259 /* GitHubNotificationManagerUITests */ = {
			isa = PBXGroup;
			children = (
				BA60428D22A7409400345259 /* GitHubNotificationManagerUITests.swift */,
				BA60428F22A7409400345259 /* Info.plist */,
			);
			path = GitHubNotificationManagerUITests;
			sourceTree = "<group>";
		};
		BA60429D22A7C90700345259 /* Secret */ = {
			isa = PBXGroup;
			children = (
				BA60429E22A7C91000345259 /* Secret.swift */,
			);
			path = Secret;
			sourceTree = "<group>";
		};
		BA6042CA22A7CAD500345259 /* GitHubNotificationManagerCore */ = {
			isa = PBXGroup;
			children = (
				BA60429D22A7C90700345259 /* Secret */,
				BA6042CB22A7CAD500345259 /* Core.h */,
				BA6042CC22A7CAD500345259 /* Info.plist */,
			);
			path = GitHubNotificationManagerCore;
			sourceTree = "<group>";
		};
		BA6042D722A7CAD500345259 /* CoreTests */ = {
			isa = PBXGroup;
			children = (
				BA6042D822A7CAD500345259 /* CoreTests.swift */,
				BA6042DA22A7CAD500345259 /* Info.plist */,
			);
			path = CoreTests;
			sourceTree = "<group>";
		};
		BA6042E722A7CAF500345259 /* Frameworks */ = {
			isa = PBXGroup;
			children = (
				BAC127AB22A83F8400B52862 /* GitHubNotificationManagerUIComponents */,
				BA6042CA22A7CAD500345259 /* GitHubNotificationManagerCore */,
				BA6042EF22A7CE1E00345259 /* GitHubNotificationManagerNetwork */,
			);
			path = Frameworks;
			sourceTree = "<group>";
		};
		BA6042EF22A7CE1E00345259 /* GitHubNotificationManagerNetwork */ = {
			isa = PBXGroup;
			children = (
				BAC1278022A83D2100B52862 /* Image */,
				BA60430F22A7CE9100345259 /* API */,
				BA60431A22A7D21800345259 /* GitHub */,
				BA6042F022A7CE1E00345259 /* Network.h */,
				BA6042F122A7CE1E00345259 /* Info.plist */,
			);
			path = GitHubNotificationManagerNetwork;
			sourceTree = "<group>";
		};
		BA6042FC22A7CE1E00345259 /* NetworkTests */ = {
			isa = PBXGroup;
			children = (
				BA6042FD22A7CE1E00345259 /* NetworkTests.swift */,
				BA6042FF22A7CE1E00345259 /* Info.plist */,
			);
			path = NetworkTests;
			sourceTree = "<group>";
		};
		BA60430F22A7CE9100345259 /* API */ = {
			isa = PBXGroup;
			children = (
				BA60430D22A7CE7E00345259 /* CoreAPIClient.swift */,
				BA60431222A7CEBF00345259 /* APIRequest.swift */,
				BA60432522A7D68700345259 /* AuthorizationHeader.swift */,
				BA60432322A7D41D00345259 /* HTTPPathConvertible.swift */,
				BA60432122A7D3D400345259 /* HTTPHeader.swift */,
				BA60431F22A7D3C700345259 /* Query.swift */,
				BA60431622A7D1D900345259 /* HTTPBody.swift */,
				BA60431822A7D1ED00345259 /* HTTPMethod.swift */,
				BA60431422A7D12900345259 /* URLEncoder.swift */,
			);
			path = API;
			sourceTree = "<group>";
		};
		BA60431A22A7D21800345259 /* GitHub */ = {
			isa = PBXGroup;
			children = (
				BA60432922A7D98A00345259 /* Notifcation */,
				BA60431B22A7D22900345259 /* GitHubAPI.swift */,
				BA60431D22A7D2FF00345259 /* GitHubAPIRequest.swift */,
				BA60432722A7D91200345259 /* GitHubAPIAuthorization.swift */,
			);
			path = GitHub;
			sourceTree = "<group>";
		};
		BA60432922A7D98A00345259 /* Notifcation */ = {
			isa = PBXGroup;
			children = (
				BA60432F22A82A0900345259 /* Notification.swift */,
				BA60432A22A7D99B00345259 /* NotificationsRequest.swift */,
			);
			path = Notifcation;
			sourceTree = "<group>";
		};
		BAC1277422A830CF00B52862 /* Frameworks */ = {
			isa = PBXGroup;
			children = (
			);
			name = Frameworks;
			sourceTree = "<group>";
		};
		BAC1278022A83D2100B52862 /* Image */ = {
			isa = PBXGroup;
			children = (
				BAC1278122A83DBC00B52862 /* ImageLoader.swift */,
			);
			path = Image;
			sourceTree = "<group>";
		};
		BAC127AB22A83F8400B52862 /* GitHubNotificationManagerUIComponents */ = {
			isa = PBXGroup;
			children = (
				BAC127AC22A83F8400B52862 /* GitHubNotificationManagerUIComponents.h */,
				BAC127AD22A83F8400B52862 /* Info.plist */,
			);
			path = GitHubNotificationManagerUIComponents;
			sourceTree = "<group>";
		};
		BAC127B822A83F8400B52862 /* GitHubNotificationManagerUIComponentsTests */ = {
			isa = PBXGroup;
			children = (
				BAC127B922A83F8400B52862 /* GitHubNotificationManagerUIComponentsTests.swift */,
				BAC127BB22A83F8400B52862 /* Info.plist */,
			);
			path = GitHubNotificationManagerUIComponentsTests;
			sourceTree = "<group>";
		};
/* End PBXGroup section */

/* Begin PBXHeadersBuildPhase section */
		BA6042C422A7CAD500345259 /* Headers */ = {
			isa = PBXHeadersBuildPhase;
			buildActionMask = 2147483647;
			files = (
				BA6042DB22A7CAD500345259 /* Core.h in Headers */,
			);
			runOnlyForDeploymentPostprocessing = 0;
		};
		BA6042E922A7CE1E00345259 /* Headers */ = {
			isa = PBXHeadersBuildPhase;
			buildActionMask = 2147483647;
			files = (
				BA60430022A7CE1E00345259 /* Network.h in Headers */,
			);
			runOnlyForDeploymentPostprocessing = 0;
		};
		BAC127A522A83F8400B52862 /* Headers */ = {
			isa = PBXHeadersBuildPhase;
			buildActionMask = 2147483647;
			files = (
				BAC127BC22A83F8400B52862 /* GitHubNotificationManagerUIComponents.h in Headers */,
			);
			runOnlyForDeploymentPostprocessing = 0;
		};
/* End PBXHeadersBuildPhase section */

/* Begin PBXNativeTarget section */
		BA60426722A7409300345259 /* GitHubNotificationManager */ = {
			isa = PBXNativeTarget;
			buildConfigurationList = BA60429222A7409400345259 /* Build configuration list for PBXNativeTarget "GitHubNotificationManager" */;
			buildPhases = (
				BA60426422A7409300345259 /* Sources */,
				BA60426522A7409300345259 /* Frameworks */,
				BA60426622A7409300345259 /* Resources */,
				BA6042E022A7CAD500345259 /* Embed Frameworks */,
			);
			buildRules = (
			);
			dependencies = (
				BA6042DD22A7CAD500345259 /* PBXTargetDependency */,
				BA60430222A7CE1E00345259 /* PBXTargetDependency */,
				BAC127BE22A83F8400B52862 /* PBXTargetDependency */,
			);
			name = GitHubNotificationManager;
			productName = GitHubNotificationManager;
			productReference = BA60426822A7409300345259 /* GitHubNotificationManager.app */;
			productType = "com.apple.product-type.application";
		};
		BA60427D22A7409400345259 /* GitHubNotificationManagerTests */ = {
			isa = PBXNativeTarget;
			buildConfigurationList = BA60429522A7409400345259 /* Build configuration list for PBXNativeTarget "GitHubNotificationManagerTests" */;
			buildPhases = (
				BA60427A22A7409400345259 /* Sources */,
				BA60427B22A7409400345259 /* Frameworks */,
				BA60427C22A7409400345259 /* Resources */,
			);
			buildRules = (
			);
			dependencies = (
				BA60428022A7409400345259 /* PBXTargetDependency */,
			);
			name = GitHubNotificationManagerTests;
			productName = GitHubNotificationManagerTests;
			productReference = BA60427E22A7409400345259 /* GitHubNotificationManagerTests.xctest */;
			productType = "com.apple.product-type.bundle.unit-test";
		};
		BA60428822A7409400345259 /* GitHubNotificationManagerUITests */ = {
			isa = PBXNativeTarget;
			buildConfigurationList = BA60429822A7409400345259 /* Build configuration list for PBXNativeTarget "GitHubNotificationManagerUITests" */;
			buildPhases = (
				BA60428522A7409400345259 /* Sources */,
				BA60428622A7409400345259 /* Frameworks */,
				BA60428722A7409400345259 /* Resources */,
			);
			buildRules = (
			);
			dependencies = (
				BA60428B22A7409400345259 /* PBXTargetDependency */,
			);
			name = GitHubNotificationManagerUITests;
			productName = GitHubNotificationManagerUITests;
			productReference = BA60428922A7409400345259 /* GitHubNotificationManagerUITests.xctest */;
			productType = "com.apple.product-type.bundle.ui-testing";
		};
		BA6042C822A7CAD500345259 /* GitHubNotificationManagerCore */ = {
			isa = PBXNativeTarget;
			buildConfigurationList = BA6042E522A7CAD500345259 /* Build configuration list for PBXNativeTarget "GitHubNotificationManagerCore" */;
			buildPhases = (
				BA6042C422A7CAD500345259 /* Headers */,
				BA6042C522A7CAD500345259 /* Sources */,
				BA6042C622A7CAD500345259 /* Frameworks */,
				BA6042C722A7CAD500345259 /* Resources */,
			);
			buildRules = (
			);
			dependencies = (
			);
			name = GitHubNotificationManagerCore;
			packageProductDependencies = (
			);
			productName = Core;
			productReference = BA6042C922A7CAD500345259 /* GitHubNotificationManagerCore.framework */;
			productType = "com.apple.product-type.framework";
		};
		BA6042D022A7CAD500345259 /* CoreTests */ = {
			isa = PBXNativeTarget;
			buildConfigurationList = BA6042E622A7CAD500345259 /* Build configuration list for PBXNativeTarget "CoreTests" */;
			buildPhases = (
				BA6042CD22A7CAD500345259 /* Sources */,
				BA6042CE22A7CAD500345259 /* Frameworks */,
				BA6042CF22A7CAD500345259 /* Resources */,
			);
			buildRules = (
			);
			dependencies = (
				BA6042D422A7CAD500345259 /* PBXTargetDependency */,
				BA6042D622A7CAD500345259 /* PBXTargetDependency */,
			);
			name = CoreTests;
			productName = CoreTests;
			productReference = BA6042D122A7CAD500345259 /* CoreTests.xctest */;
			productType = "com.apple.product-type.bundle.unit-test";
		};
		BA6042ED22A7CE1E00345259 /* GitHubNotificationManagerNetwork */ = {
			isa = PBXNativeTarget;
			buildConfigurationList = BA60430522A7CE1E00345259 /* Build configuration list for PBXNativeTarget "GitHubNotificationManagerNetwork" */;
			buildPhases = (
				BA6042E922A7CE1E00345259 /* Headers */,
				BA6042EA22A7CE1E00345259 /* Sources */,
				BA6042EB22A7CE1E00345259 /* Frameworks */,
				BA6042EC22A7CE1E00345259 /* Resources */,
				BAC1277922A830CF00B52862 /* Embed Frameworks */,
			);
			buildRules = (
			);
			dependencies = (
				BAC1277822A830CF00B52862 /* PBXTargetDependency */,
			);
			name = GitHubNotificationManagerNetwork;
			packageProductDependencies = (
				BAC1277E22A83D0900B52862 /* Nuke */,
			);
			productName = Network;
			productReference = BA6042EE22A7CE1E00345259 /* GitHubNotificationManagerNetwork.framework */;
			productType = "com.apple.product-type.framework";
		};
		BA6042F522A7CE1E00345259 /* NetworkTests */ = {
			isa = PBXNativeTarget;
			buildConfigurationList = BA60430822A7CE1E00345259 /* Build configuration list for PBXNativeTarget "NetworkTests" */;
			buildPhases = (
				BA6042F222A7CE1E00345259 /* Sources */,
				BA6042F322A7CE1E00345259 /* Frameworks */,
				BA6042F422A7CE1E00345259 /* Resources */,
			);
			buildRules = (
			);
			dependencies = (
				BA6042F922A7CE1E00345259 /* PBXTargetDependency */,
				BA6042FB22A7CE1E00345259 /* PBXTargetDependency */,
			);
			name = NetworkTests;
			productName = NetworkTests;
			productReference = BA6042F622A7CE1E00345259 /* NetworkTests.xctest */;
			productType = "com.apple.product-type.bundle.unit-test";
		};
		BAC127A922A83F8400B52862 /* GitHubNotificationManagerUIComponents */ = {
			isa = PBXNativeTarget;
			buildConfigurationList = BAC127C522A83F8400B52862 /* Build configuration list for PBXNativeTarget "GitHubNotificationManagerUIComponents" */;
			buildPhases = (
				BAC127A522A83F8400B52862 /* Headers */,
				BAC127A622A83F8400B52862 /* Sources */,
				BAC127A722A83F8400B52862 /* Frameworks */,
				BAC127A822A83F8400B52862 /* Resources */,
			);
			buildRules = (
			);
			dependencies = (
			);
			name = GitHubNotificationManagerUIComponents;
			productName = GitHubNotificationManagerUIComponents;
			productReference = BAC127AA22A83F8400B52862 /* GitHubNotificationManagerUIComponents.framework */;
			productType = "com.apple.product-type.framework";
		};
		BAC127B122A83F8400B52862 /* GitHubNotificationManagerUIComponentsTests */ = {
			isa = PBXNativeTarget;
			buildConfigurationList = BAC127C622A83F8400B52862 /* Build configuration list for PBXNativeTarget "GitHubNotificationManagerUIComponentsTests" */;
			buildPhases = (
				BAC127AE22A83F8400B52862 /* Sources */,
				BAC127AF22A83F8400B52862 /* Frameworks */,
				BAC127B022A83F8400B52862 /* Resources */,
			);
			buildRules = (
			);
			dependencies = (
				BAC127B522A83F8400B52862 /* PBXTargetDependency */,
				BAC127B722A83F8400B52862 /* PBXTargetDependency */,
			);
			name = GitHubNotificationManagerUIComponentsTests;
			productName = GitHubNotificationManagerUIComponentsTests;
			productReference = BAC127B222A83F8400B52862 /* GitHubNotificationManagerUIComponentsTests.xctest */;
			productType = "com.apple.product-type.bundle.unit-test";
		};
/* End PBXNativeTarget section */

/* Begin PBXProject section */
		BA60426022A7409300345259 /* Project object */ = {
			isa = PBXProject;
			attributes = {
				LastSwiftUpdateCheck = 1100;
				LastUpgradeCheck = 1100;
				ORGANIZATIONNAME = bannzai;
				TargetAttributes = {
					BA60426722A7409300345259 = {
						CreatedOnToolsVersion = 11.0;
					};
					BA60427D22A7409400345259 = {
						CreatedOnToolsVersion = 11.0;
						TestTargetID = BA60426722A7409300345259;
					};
					BA60428822A7409400345259 = {
						CreatedOnToolsVersion = 11.0;
						TestTargetID = BA60426722A7409300345259;
					};
					BA6042C822A7CAD500345259 = {
						CreatedOnToolsVersion = 11.0;
					};
					BA6042D022A7CAD500345259 = {
						CreatedOnToolsVersion = 11.0;
						TestTargetID = BA60426722A7409300345259;
					};
					BA6042ED22A7CE1E00345259 = {
						CreatedOnToolsVersion = 11.0;
					};
					BA6042F522A7CE1E00345259 = {
						CreatedOnToolsVersion = 11.0;
						TestTargetID = BA60426722A7409300345259;
					};
					BAC127A922A83F8400B52862 = {
						CreatedOnToolsVersion = 11.0;
					};
					BAC127B122A83F8400B52862 = {
						CreatedOnToolsVersion = 11.0;
						TestTargetID = BA60426722A7409300345259;
					};
				};
			};
			buildConfigurationList = BA60426322A7409300345259 /* Build configuration list for PBXProject "GitHubNotificationManager" */;
			compatibilityVersion = "Xcode 9.3";
			developmentRegion = en;
			hasScannedForEncodings = 0;
			knownRegions = (
				en,
				Base,
			);
			mainGroup = BA60425F22A7409300345259;
			packageReferences = (
				BAC1277D22A83D0900B52862 /* XCRemoteSwiftPackageReference "Nuke" */,
			);
			productRefGroup = BA60426922A7409300345259 /* Products */;
			projectDirPath = "";
			projectRoot = "";
			targets = (
				BA60426722A7409300345259 /* GitHubNotificationManager */,
				BA60427D22A7409400345259 /* GitHubNotificationManagerTests */,
				BA60428822A7409400345259 /* GitHubNotificationManagerUITests */,
				BA6042C822A7CAD500345259 /* GitHubNotificationManagerCore */,
				BA6042D022A7CAD500345259 /* CoreTests */,
				BA6042ED22A7CE1E00345259 /* GitHubNotificationManagerNetwork */,
				BA6042F522A7CE1E00345259 /* NetworkTests */,
				BAC127A922A83F8400B52862 /* GitHubNotificationManagerUIComponents */,
				BAC127B122A83F8400B52862 /* GitHubNotificationManagerUIComponentsTests */,
			);
		};
/* End PBXProject section */

/* Begin PBXResourcesBuildPhase section */
		BA60426622A7409300345259 /* Resources */ = {
			isa = PBXResourcesBuildPhase;
			buildActionMask = 2147483647;
			files = (
				BA60427822A7409400345259 /* LaunchScreen.storyboard in Resources */,
				BA60427522A7409400345259 /* Preview Assets.xcassets in Resources */,
				BA60427222A7409400345259 /* Assets.xcassets in Resources */,
			);
			runOnlyForDeploymentPostprocessing = 0;
		};
		BA60427C22A7409400345259 /* Resources */ = {
			isa = PBXResourcesBuildPhase;
			buildActionMask = 2147483647;
			files = (
			);
			runOnlyForDeploymentPostprocessing = 0;
		};
		BA60428722A7409400345259 /* Resources */ = {
			isa = PBXResourcesBuildPhase;
			buildActionMask = 2147483647;
			files = (
			);
			runOnlyForDeploymentPostprocessing = 0;
		};
		BA6042C722A7CAD500345259 /* Resources */ = {
			isa = PBXResourcesBuildPhase;
			buildActionMask = 2147483647;
			files = (
			);
			runOnlyForDeploymentPostprocessing = 0;
		};
		BA6042CF22A7CAD500345259 /* Resources */ = {
			isa = PBXResourcesBuildPhase;
			buildActionMask = 2147483647;
			files = (
			);
			runOnlyForDeploymentPostprocessing = 0;
		};
		BA6042EC22A7CE1E00345259 /* Resources */ = {
			isa = PBXResourcesBuildPhase;
			buildActionMask = 2147483647;
			files = (
			);
			runOnlyForDeploymentPostprocessing = 0;
		};
		BA6042F422A7CE1E00345259 /* Resources */ = {
			isa = PBXResourcesBuildPhase;
			buildActionMask = 2147483647;
			files = (
			);
			runOnlyForDeploymentPostprocessing = 0;
		};
		BAC127A822A83F8400B52862 /* Resources */ = {
			isa = PBXResourcesBuildPhase;
			buildActionMask = 2147483647;
			files = (
			);
			runOnlyForDeploymentPostprocessing = 0;
		};
		BAC127B022A83F8400B52862 /* Resources */ = {
			isa = PBXResourcesBuildPhase;
			buildActionMask = 2147483647;
			files = (
			);
			runOnlyForDeploymentPostprocessing = 0;
		};
/* End PBXResourcesBuildPhase section */

/* Begin PBXSourcesBuildPhase section */
		BA60426422A7409300345259 /* Sources */ = {
			isa = PBXSourcesBuildPhase;
			buildActionMask = 2147483647;
			files = (
				BA60426C22A7409300345259 /* AppDelegate.swift in Sources */,
				BA60426E22A7409300345259 /* SceneDelegate.swift in Sources */,
				BA60427022A7409300345259 /* ContentView.swift in Sources */,
				BA60429C22A740B000345259 /* APIClient.swift in Sources */,
			);
			runOnlyForDeploymentPostprocessing = 0;
		};
		BA60427A22A7409400345259 /* Sources */ = {
			isa = PBXSourcesBuildPhase;
			buildActionMask = 2147483647;
			files = (
				BA60428322A7409400345259 /* GitHubNotificationManagerTests.swift in Sources */,
			);
			runOnlyForDeploymentPostprocessing = 0;
		};
		BA60428522A7409400345259 /* Sources */ = {
			isa = PBXSourcesBuildPhase;
			buildActionMask = 2147483647;
			files = (
				BA60428E22A7409400345259 /* GitHubNotificationManagerUITests.swift in Sources */,
			);
			runOnlyForDeploymentPostprocessing = 0;
		};
		BA6042C522A7CAD500345259 /* Sources */ = {
			isa = PBXSourcesBuildPhase;
			buildActionMask = 2147483647;
			files = (
				BAC1277322A82F9200B52862 /* Secret.swift in Sources */,
			);
			runOnlyForDeploymentPostprocessing = 0;
		};
		BA6042CD22A7CAD500345259 /* Sources */ = {
			isa = PBXSourcesBuildPhase;
			buildActionMask = 2147483647;
			files = (
				BA6042D922A7CAD500345259 /* CoreTests.swift in Sources */,
			);
			runOnlyForDeploymentPostprocessing = 0;
		};
		BA6042EA22A7CE1E00345259 /* Sources */ = {
			isa = PBXSourcesBuildPhase;
			buildActionMask = 2147483647;
			files = (
				BAC1276622A82F7C00B52862 /* APIRequest.swift in Sources */,
				BAC1277222A82F8700B52862 /* GitHubAPIAuthorization.swift in Sources */,
				BAC127D122A841B300B52862 /* ImageLoader.swift in Sources */,
				BAC1276722A82F8000B52862 /* AuthorizationHeader.swift in Sources */,
				BAC1276F22A82F8700B52862 /* NotificationsRequest.swift in Sources */,
				BAC1276922A82F8000B52862 /* HTTPHeader.swift in Sources */,
				BAC1277122A82F8700B52862 /* GitHubAPIRequest.swift in Sources */,
				BAC1276D22A82F8000B52862 /* URLEncoder.swift in Sources */,
				BAC1276822A82F8000B52862 /* HTTPPathConvertible.swift in Sources */,
				BAC1276C22A82F8000B52862 /* HTTPMethod.swift in Sources */,
				BAC1277022A82F8700B52862 /* GitHubAPI.swift in Sources */,
				BAC1276E22A82F8700B52862 /* Notification.swift in Sources */,
				BAC1276A22A82F8000B52862 /* Query.swift in Sources */,
				BAC1276522A82F7500B52862 /* CoreAPIClient.swift in Sources */,
				BAC1276B22A82F8000B52862 /* HTTPBody.swift in Sources */,
			);
			runOnlyForDeploymentPostprocessing = 0;
		};
		BA6042F222A7CE1E00345259 /* Sources */ = {
			isa = PBXSourcesBuildPhase;
			buildActionMask = 2147483647;
			files = (
				BA6042FE22A7CE1E00345259 /* NetworkTests.swift in Sources */,
			);
			runOnlyForDeploymentPostprocessing = 0;
		};
		BAC127A622A83F8400B52862 /* Sources */ = {
			isa = PBXSourcesBuildPhase;
			buildActionMask = 2147483647;
			files = (
			);
			runOnlyForDeploymentPostprocessing = 0;
		};
		BAC127AE22A83F8400B52862 /* Sources */ = {
			isa = PBXSourcesBuildPhase;
			buildActionMask = 2147483647;
			files = (
				BAC127BA22A83F8400B52862 /* GitHubNotificationManagerUIComponentsTests.swift in Sources */,
			);
			runOnlyForDeploymentPostprocessing = 0;
		};
/* End PBXSourcesBuildPhase section */

/* Begin PBXTargetDependency section */
		BA60428022A7409400345259 /* PBXTargetDependency */ = {
			isa = PBXTargetDependency;
			target = BA60426722A7409300345259 /* GitHubNotificationManager */;
			targetProxy = BA60427F22A7409400345259 /* PBXContainerItemProxy */;
		};
		BA60428B22A7409400345259 /* PBXTargetDependency */ = {
			isa = PBXTargetDependency;
			target = BA60426722A7409300345259 /* GitHubNotificationManager */;
			targetProxy = BA60428A22A7409400345259 /* PBXContainerItemProxy */;
		};
		BA6042D422A7CAD500345259 /* PBXTargetDependency */ = {
			isa = PBXTargetDependency;
			target = BA6042C822A7CAD500345259 /* GitHubNotificationManagerCore */;
			targetProxy = BA6042D322A7CAD500345259 /* PBXContainerItemProxy */;
		};
		BA6042D622A7CAD500345259 /* PBXTargetDependency */ = {
			isa = PBXTargetDependency;
			target = BA60426722A7409300345259 /* GitHubNotificationManager */;
			targetProxy = BA6042D522A7CAD500345259 /* PBXContainerItemProxy */;
		};
		BA6042DD22A7CAD500345259 /* PBXTargetDependency */ = {
			isa = PBXTargetDependency;
			target = BA6042C822A7CAD500345259 /* GitHubNotificationManagerCore */;
			targetProxy = BA6042DC22A7CAD500345259 /* PBXContainerItemProxy */;
		};
		BA6042F922A7CE1E00345259 /* PBXTargetDependency */ = {
			isa = PBXTargetDependency;
			target = BA6042ED22A7CE1E00345259 /* GitHubNotificationManagerNetwork */;
			targetProxy = BA6042F822A7CE1E00345259 /* PBXContainerItemProxy */;
		};
		BA6042FB22A7CE1E00345259 /* PBXTargetDependency */ = {
			isa = PBXTargetDependency;
			target = BA60426722A7409300345259 /* GitHubNotificationManager */;
			targetProxy = BA6042FA22A7CE1E00345259 /* PBXContainerItemProxy */;
		};
		BA60430222A7CE1E00345259 /* PBXTargetDependency */ = {
			isa = PBXTargetDependency;
			target = BA6042ED22A7CE1E00345259 /* GitHubNotificationManagerNetwork */;
			targetProxy = BA60430122A7CE1E00345259 /* PBXContainerItemProxy */;
		};
		BAC1277822A830CF00B52862 /* PBXTargetDependency */ = {
			isa = PBXTargetDependency;
			target = BA6042C822A7CAD500345259 /* GitHubNotificationManagerCore */;
			targetProxy = BAC1277722A830CF00B52862 /* PBXContainerItemProxy */;
		};
		BAC127B522A83F8400B52862 /* PBXTargetDependency */ = {
			isa = PBXTargetDependency;
			target = BAC127A922A83F8400B52862 /* GitHubNotificationManagerUIComponents */;
			targetProxy = BAC127B422A83F8400B52862 /* PBXContainerItemProxy */;
		};
		BAC127B722A83F8400B52862 /* PBXTargetDependency */ = {
			isa = PBXTargetDependency;
			target = BA60426722A7409300345259 /* GitHubNotificationManager */;
			targetProxy = BAC127B622A83F8400B52862 /* PBXContainerItemProxy */;
		};
		BAC127BE22A83F8400B52862 /* PBXTargetDependency */ = {
			isa = PBXTargetDependency;
			target = BAC127A922A83F8400B52862 /* GitHubNotificationManagerUIComponents */;
			targetProxy = BAC127BD22A83F8400B52862 /* PBXContainerItemProxy */;
		};
/* End PBXTargetDependency section */

/* Begin PBXVariantGroup section */
		BA60427622A7409400345259 /* LaunchScreen.storyboard */ = {
			isa = PBXVariantGroup;
			children = (
				BA60427722A7409400345259 /* Base */,
			);
			name = LaunchScreen.storyboard;
			sourceTree = "<group>";
		};
/* End PBXVariantGroup section */

/* Begin XCBuildConfiguration section */
		BA60429022A7409400345259 /* Debug */ = {
			isa = XCBuildConfiguration;
			buildSettings = {
				ALWAYS_SEARCH_USER_PATHS = NO;
				CLANG_ANALYZER_NONNULL = YES;
				CLANG_ANALYZER_NUMBER_OBJECT_CONVERSION = YES_AGGRESSIVE;
				CLANG_CXX_LANGUAGE_STANDARD = "gnu++14";
				CLANG_CXX_LIBRARY = "libc++";
				CLANG_ENABLE_MODULES = YES;
				CLANG_ENABLE_OBJC_ARC = YES;
				CLANG_ENABLE_OBJC_WEAK = YES;
				CLANG_WARN_BLOCK_CAPTURE_AUTORELEASING = YES;
				CLANG_WARN_BOOL_CONVERSION = YES;
				CLANG_WARN_COMMA = YES;
				CLANG_WARN_CONSTANT_CONVERSION = YES;
				CLANG_WARN_DEPRECATED_OBJC_IMPLEMENTATIONS = YES;
				CLANG_WARN_DIRECT_OBJC_ISA_USAGE = YES_ERROR;
				CLANG_WARN_DOCUMENTATION_COMMENTS = YES;
				CLANG_WARN_EMPTY_BODY = YES;
				CLANG_WARN_ENUM_CONVERSION = YES;
				CLANG_WARN_INFINITE_RECURSION = YES;
				CLANG_WARN_INT_CONVERSION = YES;
				CLANG_WARN_NON_LITERAL_NULL_CONVERSION = YES;
				CLANG_WARN_OBJC_IMPLICIT_RETAIN_SELF = YES;
				CLANG_WARN_OBJC_LITERAL_CONVERSION = YES;
				CLANG_WARN_OBJC_ROOT_CLASS = YES_ERROR;
				CLANG_WARN_RANGE_LOOP_ANALYSIS = YES;
				CLANG_WARN_STRICT_PROTOTYPES = YES;
				CLANG_WARN_SUSPICIOUS_MOVE = YES;
				CLANG_WARN_UNGUARDED_AVAILABILITY = YES_AGGRESSIVE;
				CLANG_WARN_UNREACHABLE_CODE = YES;
				CLANG_WARN__DUPLICATE_METHOD_MATCH = YES;
				COPY_PHASE_STRIP = NO;
				DEBUG_INFORMATION_FORMAT = dwarf;
				ENABLE_STRICT_OBJC_MSGSEND = YES;
				ENABLE_TESTABILITY = YES;
				GCC_C_LANGUAGE_STANDARD = gnu11;
				GCC_DYNAMIC_NO_PIC = NO;
				GCC_NO_COMMON_BLOCKS = YES;
				GCC_OPTIMIZATION_LEVEL = 0;
				GCC_PREPROCESSOR_DEFINITIONS = (
					"DEBUG=1",
					"$(inherited)",
				);
				GCC_WARN_64_TO_32_BIT_CONVERSION = YES;
				GCC_WARN_ABOUT_RETURN_TYPE = YES_ERROR;
				GCC_WARN_UNDECLARED_SELECTOR = YES;
				GCC_WARN_UNINITIALIZED_AUTOS = YES_AGGRESSIVE;
				GCC_WARN_UNUSED_FUNCTION = YES;
				GCC_WARN_UNUSED_VARIABLE = YES;
				IPHONEOS_DEPLOYMENT_TARGET = 13.0;
				MTL_ENABLE_DEBUG_INFO = INCLUDE_SOURCE;
				MTL_FAST_MATH = YES;
				ONLY_ACTIVE_ARCH = YES;
				SDKROOT = iphoneos;
				SWIFT_ACTIVE_COMPILATION_CONDITIONS = DEBUG;
				SWIFT_OPTIMIZATION_LEVEL = "-Onone";
			};
			name = Debug;
		};
		BA60429122A7409400345259 /* Release */ = {
			isa = XCBuildConfiguration;
			buildSettings = {
				ALWAYS_SEARCH_USER_PATHS = NO;
				CLANG_ANALYZER_NONNULL = YES;
				CLANG_ANALYZER_NUMBER_OBJECT_CONVERSION = YES_AGGRESSIVE;
				CLANG_CXX_LANGUAGE_STANDARD = "gnu++14";
				CLANG_CXX_LIBRARY = "libc++";
				CLANG_ENABLE_MODULES = YES;
				CLANG_ENABLE_OBJC_ARC = YES;
				CLANG_ENABLE_OBJC_WEAK = YES;
				CLANG_WARN_BLOCK_CAPTURE_AUTORELEASING = YES;
				CLANG_WARN_BOOL_CONVERSION = YES;
				CLANG_WARN_COMMA = YES;
				CLANG_WARN_CONSTANT_CONVERSION = YES;
				CLANG_WARN_DEPRECATED_OBJC_IMPLEMENTATIONS = YES;
				CLANG_WARN_DIRECT_OBJC_ISA_USAGE = YES_ERROR;
				CLANG_WARN_DOCUMENTATION_COMMENTS = YES;
				CLANG_WARN_EMPTY_BODY = YES;
				CLANG_WARN_ENUM_CONVERSION = YES;
				CLANG_WARN_INFINITE_RECURSION = YES;
				CLANG_WARN_INT_CONVERSION = YES;
				CLANG_WARN_NON_LITERAL_NULL_CONVERSION = YES;
				CLANG_WARN_OBJC_IMPLICIT_RETAIN_SELF = YES;
				CLANG_WARN_OBJC_LITERAL_CONVERSION = YES;
				CLANG_WARN_OBJC_ROOT_CLASS = YES_ERROR;
				CLANG_WARN_RANGE_LOOP_ANALYSIS = YES;
				CLANG_WARN_STRICT_PROTOTYPES = YES;
				CLANG_WARN_SUSPICIOUS_MOVE = YES;
				CLANG_WARN_UNGUARDED_AVAILABILITY = YES_AGGRESSIVE;
				CLANG_WARN_UNREACHABLE_CODE = YES;
				CLANG_WARN__DUPLICATE_METHOD_MATCH = YES;
				COPY_PHASE_STRIP = NO;
				DEBUG_INFORMATION_FORMAT = "dwarf-with-dsym";
				ENABLE_NS_ASSERTIONS = NO;
				ENABLE_STRICT_OBJC_MSGSEND = YES;
				GCC_C_LANGUAGE_STANDARD = gnu11;
				GCC_NO_COMMON_BLOCKS = YES;
				GCC_WARN_64_TO_32_BIT_CONVERSION = YES;
				GCC_WARN_ABOUT_RETURN_TYPE = YES_ERROR;
				GCC_WARN_UNDECLARED_SELECTOR = YES;
				GCC_WARN_UNINITIALIZED_AUTOS = YES_AGGRESSIVE;
				GCC_WARN_UNUSED_FUNCTION = YES;
				GCC_WARN_UNUSED_VARIABLE = YES;
				IPHONEOS_DEPLOYMENT_TARGET = 13.0;
				MTL_ENABLE_DEBUG_INFO = NO;
				MTL_FAST_MATH = YES;
				SDKROOT = iphoneos;
				SWIFT_COMPILATION_MODE = wholemodule;
				SWIFT_OPTIMIZATION_LEVEL = "-O";
				VALIDATE_PRODUCT = YES;
			};
			name = Release;
		};
		BA60429322A7409400345259 /* Debug */ = {
			isa = XCBuildConfiguration;
			buildSettings = {
				ALWAYS_EMBED_SWIFT_STANDARD_LIBRARIES = YES;
				ASSETCATALOG_COMPILER_APPICON_NAME = AppIcon;
				CODE_SIGN_STYLE = Automatic;
				DEVELOPMENT_ASSET_PATHS = "GitHubNotificationManager/Preview\\ Content";
				ENABLE_PREVIEWS = YES;
				FRAMEWORK_PATH = "$(SRCROOT)/Frameworks/";
				INFOPLIST_FILE = GitHubNotificationManager/Info.plist;
				LD_RUNPATH_SEARCH_PATHS = (
					"$(inherited)",
					"@executable_path/Frameworks",
				);
				PRODUCT_BUNDLE_IDENTIFIER = com.bannzai.GitHubNotificationManager;
				PRODUCT_NAME = "$(TARGET_NAME)";
				SWIFT_VERSION = 5.0;
				TARGETED_DEVICE_FAMILY = "1,2";
			};
			name = Debug;
		};
		BA60429422A7409400345259 /* Release */ = {
			isa = XCBuildConfiguration;
			buildSettings = {
				ALWAYS_EMBED_SWIFT_STANDARD_LIBRARIES = YES;
				ASSETCATALOG_COMPILER_APPICON_NAME = AppIcon;
				CODE_SIGN_STYLE = Automatic;
				DEVELOPMENT_ASSET_PATHS = "GitHubNotificationManager/Preview\\ Content";
				ENABLE_PREVIEWS = YES;
				FRAMEWORK_PATH = "$(SRCROOT)/Frameworks/";
				INFOPLIST_FILE = GitHubNotificationManager/Info.plist;
				LD_RUNPATH_SEARCH_PATHS = (
					"$(inherited)",
					"@executable_path/Frameworks",
				);
				PRODUCT_BUNDLE_IDENTIFIER = com.bannzai.GitHubNotificationManager;
				PRODUCT_NAME = "$(TARGET_NAME)";
				SWIFT_VERSION = 5.0;
				TARGETED_DEVICE_FAMILY = "1,2";
			};
			name = Release;
		};
		BA60429622A7409400345259 /* Debug */ = {
			isa = XCBuildConfiguration;
			buildSettings = {
				ALWAYS_EMBED_SWIFT_STANDARD_LIBRARIES = YES;
				BUNDLE_LOADER = "$(TEST_HOST)";
				CODE_SIGN_STYLE = Automatic;
				INFOPLIST_FILE = GitHubNotificationManagerTests/Info.plist;
				LD_RUNPATH_SEARCH_PATHS = (
					"$(inherited)",
					"@executable_path/Frameworks",
					"@loader_path/Frameworks",
				);
				PRODUCT_BUNDLE_IDENTIFIER = com.bannzai.GitHubNotificationManagerTests;
				PRODUCT_NAME = "$(TARGET_NAME)";
				SWIFT_VERSION = 5.0;
				TARGETED_DEVICE_FAMILY = "1,2";
				TEST_HOST = "$(BUILT_PRODUCTS_DIR)/GitHubNotificationManager.app/GitHubNotificationManager";
			};
			name = Debug;
		};
		BA60429722A7409400345259 /* Release */ = {
			isa = XCBuildConfiguration;
			buildSettings = {
				ALWAYS_EMBED_SWIFT_STANDARD_LIBRARIES = YES;
				BUNDLE_LOADER = "$(TEST_HOST)";
				CODE_SIGN_STYLE = Automatic;
				INFOPLIST_FILE = GitHubNotificationManagerTests/Info.plist;
				LD_RUNPATH_SEARCH_PATHS = (
					"$(inherited)",
					"@executable_path/Frameworks",
					"@loader_path/Frameworks",
				);
				PRODUCT_BUNDLE_IDENTIFIER = com.bannzai.GitHubNotificationManagerTests;
				PRODUCT_NAME = "$(TARGET_NAME)";
				SWIFT_VERSION = 5.0;
				TARGETED_DEVICE_FAMILY = "1,2";
				TEST_HOST = "$(BUILT_PRODUCTS_DIR)/GitHubNotificationManager.app/GitHubNotificationManager";
			};
			name = Release;
		};
		BA60429922A7409400345259 /* Debug */ = {
			isa = XCBuildConfiguration;
			buildSettings = {
				ALWAYS_EMBED_SWIFT_STANDARD_LIBRARIES = YES;
				CODE_SIGN_STYLE = Automatic;
				INFOPLIST_FILE = GitHubNotificationManagerUITests/Info.plist;
				LD_RUNPATH_SEARCH_PATHS = (
					"$(inherited)",
					"@executable_path/Frameworks",
					"@loader_path/Frameworks",
				);
				PRODUCT_BUNDLE_IDENTIFIER = com.bannzai.GitHubNotificationManagerUITests;
				PRODUCT_NAME = "$(TARGET_NAME)";
				SWIFT_VERSION = 5.0;
				TARGETED_DEVICE_FAMILY = "1,2";
				TEST_TARGET_NAME = GitHubNotificationManager;
			};
			name = Debug;
		};
		BA60429A22A7409400345259 /* Release */ = {
			isa = XCBuildConfiguration;
			buildSettings = {
				ALWAYS_EMBED_SWIFT_STANDARD_LIBRARIES = YES;
				CODE_SIGN_STYLE = Automatic;
				INFOPLIST_FILE = GitHubNotificationManagerUITests/Info.plist;
				LD_RUNPATH_SEARCH_PATHS = (
					"$(inherited)",
					"@executable_path/Frameworks",
					"@loader_path/Frameworks",
				);
				PRODUCT_BUNDLE_IDENTIFIER = com.bannzai.GitHubNotificationManagerUITests;
				PRODUCT_NAME = "$(TARGET_NAME)";
				SWIFT_VERSION = 5.0;
				TARGETED_DEVICE_FAMILY = "1,2";
				TEST_TARGET_NAME = GitHubNotificationManager;
			};
			name = Release;
		};
		BA6042E122A7CAD500345259 /* Debug */ = {
			isa = XCBuildConfiguration;
			buildSettings = {
				CODE_SIGN_STYLE = Automatic;
				CURRENT_PROJECT_VERSION = 1;
				DEFINES_MODULE = YES;
				DYLIB_COMPATIBILITY_VERSION = 1;
				DYLIB_CURRENT_VERSION = 1;
				DYLIB_INSTALL_NAME_BASE = "@rpath";
				INFOPLIST_FILE = "$(SRCROOT)/GitHubNotificationManager/Frameworks/GitHubNotificationManagerCore/Info.plist";
				INSTALL_PATH = "$(LOCAL_LIBRARY_DIR)/Frameworks";
				LD_RUNPATH_SEARCH_PATHS = (
					"$(inherited)",
					"@executable_path/Frameworks",
					"@loader_path/Frameworks",
				);
				PRODUCT_BUNDLE_IDENTIFIER = com.bannzai.Core;
				PRODUCT_NAME = "$(TARGET_NAME:c99extidentifier)";
				SKIP_INSTALL = YES;
				SWIFT_VERSION = 5.0;
				TARGETED_DEVICE_FAMILY = "1,2";
				VERSIONING_SYSTEM = "apple-generic";
				VERSION_INFO_PREFIX = "";
			};
			name = Debug;
		};
		BA6042E222A7CAD500345259 /* Release */ = {
			isa = XCBuildConfiguration;
			buildSettings = {
				CODE_SIGN_STYLE = Automatic;
				CURRENT_PROJECT_VERSION = 1;
				DEFINES_MODULE = YES;
				DYLIB_COMPATIBILITY_VERSION = 1;
				DYLIB_CURRENT_VERSION = 1;
				DYLIB_INSTALL_NAME_BASE = "@rpath";
				INFOPLIST_FILE = "$(SRCROOT)/GitHubNotificationManager/Frameworks/GitHubNotificationManagerCore/Info.plist";
				INSTALL_PATH = "$(LOCAL_LIBRARY_DIR)/Frameworks";
				LD_RUNPATH_SEARCH_PATHS = (
					"$(inherited)",
					"@executable_path/Frameworks",
					"@loader_path/Frameworks",
				);
				PRODUCT_BUNDLE_IDENTIFIER = com.bannzai.Core;
				PRODUCT_NAME = "$(TARGET_NAME:c99extidentifier)";
				SKIP_INSTALL = YES;
				SWIFT_VERSION = 5.0;
				TARGETED_DEVICE_FAMILY = "1,2";
				VERSIONING_SYSTEM = "apple-generic";
				VERSION_INFO_PREFIX = "";
			};
			name = Release;
		};
		BA6042E322A7CAD500345259 /* Debug */ = {
			isa = XCBuildConfiguration;
			buildSettings = {
				ALWAYS_EMBED_SWIFT_STANDARD_LIBRARIES = YES;
				CODE_SIGN_STYLE = Automatic;
				INFOPLIST_FILE = CoreTests/Info.plist;
				LD_RUNPATH_SEARCH_PATHS = (
					"$(inherited)",
					"@executable_path/Frameworks",
					"@loader_path/Frameworks",
				);
				PRODUCT_BUNDLE_IDENTIFIER = com.bannzai.CoreTests;
				PRODUCT_NAME = "$(TARGET_NAME)";
				SWIFT_VERSION = 5.0;
				TARGETED_DEVICE_FAMILY = "1,2";
				TEST_HOST = "$(BUILT_PRODUCTS_DIR)/GitHubNotificationManager.app/GitHubNotificationManager";
			};
			name = Debug;
		};
		BA6042E422A7CAD500345259 /* Release */ = {
			isa = XCBuildConfiguration;
			buildSettings = {
				ALWAYS_EMBED_SWIFT_STANDARD_LIBRARIES = YES;
				CODE_SIGN_STYLE = Automatic;
				INFOPLIST_FILE = CoreTests/Info.plist;
				LD_RUNPATH_SEARCH_PATHS = (
					"$(inherited)",
					"@executable_path/Frameworks",
					"@loader_path/Frameworks",
				);
				PRODUCT_BUNDLE_IDENTIFIER = com.bannzai.CoreTests;
				PRODUCT_NAME = "$(TARGET_NAME)";
				SWIFT_VERSION = 5.0;
				TARGETED_DEVICE_FAMILY = "1,2";
				TEST_HOST = "$(BUILT_PRODUCTS_DIR)/GitHubNotificationManager.app/GitHubNotificationManager";
			};
			name = Release;
		};
		BA60430622A7CE1E00345259 /* Debug */ = {
			isa = XCBuildConfiguration;
			buildSettings = {
				CODE_SIGN_STYLE = Automatic;
				CURRENT_PROJECT_VERSION = 1;
				DEFINES_MODULE = YES;
				DYLIB_COMPATIBILITY_VERSION = 1;
				DYLIB_CURRENT_VERSION = 1;
				DYLIB_INSTALL_NAME_BASE = "@rpath";
				INFOPLIST_FILE = "$(SRCROOT)/GitHubNotificationManager/Frameworks/GitHubNotificationManagerNetwork/Info.plist";
				INSTALL_PATH = "$(LOCAL_LIBRARY_DIR)/Frameworks";
				LD_RUNPATH_SEARCH_PATHS = (
					"$(inherited)",
					"@executable_path/Frameworks",
					"@loader_path/Frameworks",
				);
				PRODUCT_BUNDLE_IDENTIFIER = com.bannzai.Network;
				PRODUCT_NAME = "$(TARGET_NAME:c99extidentifier)";
				SKIP_INSTALL = YES;
				SWIFT_VERSION = 5.0;
				TARGETED_DEVICE_FAMILY = "1,2";
				VERSIONING_SYSTEM = "apple-generic";
				VERSION_INFO_PREFIX = "";
			};
			name = Debug;
		};
		BA60430722A7CE1E00345259 /* Release */ = {
			isa = XCBuildConfiguration;
			buildSettings = {
				CODE_SIGN_STYLE = Automatic;
				CURRENT_PROJECT_VERSION = 1;
				DEFINES_MODULE = YES;
				DYLIB_COMPATIBILITY_VERSION = 1;
				DYLIB_CURRENT_VERSION = 1;
				DYLIB_INSTALL_NAME_BASE = "@rpath";
				INFOPLIST_FILE = "$(SRCROOT)/GitHubNotificationManager/Frameworks/GitHubNotificationManagerNetwork/Info.plist";
				INSTALL_PATH = "$(LOCAL_LIBRARY_DIR)/Frameworks";
				LD_RUNPATH_SEARCH_PATHS = (
					"$(inherited)",
					"@executable_path/Frameworks",
					"@loader_path/Frameworks",
				);
				PRODUCT_BUNDLE_IDENTIFIER = com.bannzai.Network;
				PRODUCT_NAME = "$(TARGET_NAME:c99extidentifier)";
				SKIP_INSTALL = YES;
				SWIFT_VERSION = 5.0;
				TARGETED_DEVICE_FAMILY = "1,2";
				VERSIONING_SYSTEM = "apple-generic";
				VERSION_INFO_PREFIX = "";
			};
			name = Release;
		};
		BA60430922A7CE1E00345259 /* Debug */ = {
			isa = XCBuildConfiguration;
			buildSettings = {
				ALWAYS_EMBED_SWIFT_STANDARD_LIBRARIES = YES;
				CODE_SIGN_STYLE = Automatic;
				INFOPLIST_FILE = NetworkTests/Info.plist;
				LD_RUNPATH_SEARCH_PATHS = (
					"$(inherited)",
					"@executable_path/Frameworks",
					"@loader_path/Frameworks",
				);
				PRODUCT_BUNDLE_IDENTIFIER = com.bannzai.NetworkTests;
				PRODUCT_NAME = "$(TARGET_NAME)";
				SWIFT_VERSION = 5.0;
				TARGETED_DEVICE_FAMILY = "1,2";
				TEST_HOST = "$(BUILT_PRODUCTS_DIR)/GitHubNotificationManager.app/GitHubNotificationManager";
			};
			name = Debug;
		};
		BA60430A22A7CE1E00345259 /* Release */ = {
			isa = XCBuildConfiguration;
			buildSettings = {
				ALWAYS_EMBED_SWIFT_STANDARD_LIBRARIES = YES;
				CODE_SIGN_STYLE = Automatic;
				INFOPLIST_FILE = NetworkTests/Info.plist;
				LD_RUNPATH_SEARCH_PATHS = (
					"$(inherited)",
					"@executable_path/Frameworks",
					"@loader_path/Frameworks",
				);
				PRODUCT_BUNDLE_IDENTIFIER = com.bannzai.NetworkTests;
				PRODUCT_NAME = "$(TARGET_NAME)";
				SWIFT_VERSION = 5.0;
				TARGETED_DEVICE_FAMILY = "1,2";
				TEST_HOST = "$(BUILT_PRODUCTS_DIR)/GitHubNotificationManager.app/GitHubNotificationManager";
			};
			name = Release;
		};
		BAC127C122A83F8400B52862 /* Debug */ = {
			isa = XCBuildConfiguration;
			buildSettings = {
				CODE_SIGN_STYLE = Automatic;
				CURRENT_PROJECT_VERSION = 1;
				DEFINES_MODULE = YES;
				DYLIB_COMPATIBILITY_VERSION = 1;
				DYLIB_CURRENT_VERSION = 1;
				DYLIB_INSTALL_NAME_BASE = "@rpath";
				INFOPLIST_FILE = "$(SRCROOT/GitHubNotificationManager/Frameworks/GitHubNotificationManagerUIComponents/Info.plist";
				INSTALL_PATH = "$(LOCAL_LIBRARY_DIR)/Frameworks";
				LD_RUNPATH_SEARCH_PATHS = (
					"$(inherited)",
					"@executable_path/Frameworks",
					"@loader_path/Frameworks",
				);
				PRODUCT_BUNDLE_IDENTIFIER = com.bannzai.GitHubNotificationManagerUIComponents;
				PRODUCT_NAME = "$(TARGET_NAME:c99extidentifier)";
				SKIP_INSTALL = YES;
				SWIFT_VERSION = 5.0;
				TARGETED_DEVICE_FAMILY = "1,2";
				VERSIONING_SYSTEM = "apple-generic";
				VERSION_INFO_PREFIX = "";
			};
			name = Debug;
		};
		BAC127C222A83F8400B52862 /* Release */ = {
			isa = XCBuildConfiguration;
			buildSettings = {
				CODE_SIGN_STYLE = Automatic;
				CURRENT_PROJECT_VERSION = 1;
				DEFINES_MODULE = YES;
				DYLIB_COMPATIBILITY_VERSION = 1;
				DYLIB_CURRENT_VERSION = 1;
				DYLIB_INSTALL_NAME_BASE = "@rpath";
				INFOPLIST_FILE = "$(SRCROOT/GitHubNotificationManager/Frameworks/GitHubNotificationManagerUIComponents/Info.plist";
				INSTALL_PATH = "$(LOCAL_LIBRARY_DIR)/Frameworks";
				LD_RUNPATH_SEARCH_PATHS = (
					"$(inherited)",
					"@executable_path/Frameworks",
					"@loader_path/Frameworks",
				);
				PRODUCT_BUNDLE_IDENTIFIER = com.bannzai.GitHubNotificationManagerUIComponents;
				PRODUCT_NAME = "$(TARGET_NAME:c99extidentifier)";
				SKIP_INSTALL = YES;
				SWIFT_VERSION = 5.0;
				TARGETED_DEVICE_FAMILY = "1,2";
				VERSIONING_SYSTEM = "apple-generic";
				VERSION_INFO_PREFIX = "";
			};
			name = Release;
		};
		BAC127C322A83F8400B52862 /* Debug */ = {
			isa = XCBuildConfiguration;
			buildSettings = {
				ALWAYS_EMBED_SWIFT_STANDARD_LIBRARIES = YES;
				CODE_SIGN_STYLE = Automatic;
				INFOPLIST_FILE = GitHubNotificationManagerUIComponentsTests/Info.plist;
				LD_RUNPATH_SEARCH_PATHS = (
					"$(inherited)",
					"@executable_path/Frameworks",
					"@loader_path/Frameworks",
				);
				PRODUCT_BUNDLE_IDENTIFIER = com.bannzai.GitHubNotificationManagerUIComponentsTests;
				PRODUCT_NAME = "$(TARGET_NAME)";
				SWIFT_VERSION = 5.0;
				TARGETED_DEVICE_FAMILY = "1,2";
				TEST_HOST = "$(BUILT_PRODUCTS_DIR)/GitHubNotificationManager.app/GitHubNotificationManager";
			};
			name = Debug;
		};
		BAC127C422A83F8400B52862 /* Release */ = {
			isa = XCBuildConfiguration;
			buildSettings = {
				ALWAYS_EMBED_SWIFT_STANDARD_LIBRARIES = YES;
				CODE_SIGN_STYLE = Automatic;
				INFOPLIST_FILE = GitHubNotificationManagerUIComponentsTests/Info.plist;
				LD_RUNPATH_SEARCH_PATHS = (
					"$(inherited)",
					"@executable_path/Frameworks",
					"@loader_path/Frameworks",
				);
				PRODUCT_BUNDLE_IDENTIFIER = com.bannzai.GitHubNotificationManagerUIComponentsTests;
				PRODUCT_NAME = "$(TARGET_NAME)";
				SWIFT_VERSION = 5.0;
				TARGETED_DEVICE_FAMILY = "1,2";
				TEST_HOST = "$(BUILT_PRODUCTS_DIR)/GitHubNotificationManager.app/GitHubNotificationManager";
			};
			name = Release;
		};
/* End XCBuildConfiguration section */

/* Begin XCConfigurationList section */
		BA60426322A7409300345259 /* Build configuration list for PBXProject "GitHubNotificationManager" */ = {
			isa = XCConfigurationList;
			buildConfigurations = (
				BA60429022A7409400345259 /* Debug */,
				BA60429122A7409400345259 /* Release */,
			);
			defaultConfigurationIsVisible = 0;
			defaultConfigurationName = Release;
		};
		BA60429222A7409400345259 /* Build configuration list for PBXNativeTarget "GitHubNotificationManager" */ = {
			isa = XCConfigurationList;
			buildConfigurations = (
				BA60429322A7409400345259 /* Debug */,
				BA60429422A7409400345259 /* Release */,
			);
			defaultConfigurationIsVisible = 0;
			defaultConfigurationName = Release;
		};
		BA60429522A7409400345259 /* Build configuration list for PBXNativeTarget "GitHubNotificationManagerTests" */ = {
			isa = XCConfigurationList;
			buildConfigurations = (
				BA60429622A7409400345259 /* Debug */,
				BA60429722A7409400345259 /* Release */,
			);
			defaultConfigurationIsVisible = 0;
			defaultConfigurationName = Release;
		};
		BA60429822A7409400345259 /* Build configuration list for PBXNativeTarget "GitHubNotificationManagerUITests" */ = {
			isa = XCConfigurationList;
			buildConfigurations = (
				BA60429922A7409400345259 /* Debug */,
				BA60429A22A7409400345259 /* Release */,
			);
			defaultConfigurationIsVisible = 0;
			defaultConfigurationName = Release;
		};
		BA6042E522A7CAD500345259 /* Build configuration list for PBXNativeTarget "GitHubNotificationManagerCore" */ = {
			isa = XCConfigurationList;
			buildConfigurations = (
				BA6042E122A7CAD500345259 /* Debug */,
				BA6042E222A7CAD500345259 /* Release */,
			);
			defaultConfigurationIsVisible = 0;
			defaultConfigurationName = Release;
		};
		BA6042E622A7CAD500345259 /* Build configuration list for PBXNativeTarget "CoreTests" */ = {
			isa = XCConfigurationList;
			buildConfigurations = (
				BA6042E322A7CAD500345259 /* Debug */,
				BA6042E422A7CAD500345259 /* Release */,
			);
			defaultConfigurationIsVisible = 0;
			defaultConfigurationName = Release;
		};
		BA60430522A7CE1E00345259 /* Build configuration list for PBXNativeTarget "GitHubNotificationManagerNetwork" */ = {
			isa = XCConfigurationList;
			buildConfigurations = (
				BA60430622A7CE1E00345259 /* Debug */,
				BA60430722A7CE1E00345259 /* Release */,
			);
			defaultConfigurationIsVisible = 0;
			defaultConfigurationName = Release;
		};
		BA60430822A7CE1E00345259 /* Build configuration list for PBXNativeTarget "NetworkTests" */ = {
			isa = XCConfigurationList;
			buildConfigurations = (
				BA60430922A7CE1E00345259 /* Debug */,
				BA60430A22A7CE1E00345259 /* Release */,
			);
			defaultConfigurationIsVisible = 0;
			defaultConfigurationName = Release;
		};
		BAC127C522A83F8400B52862 /* Build configuration list for PBXNativeTarget "GitHubNotificationManagerUIComponents" */ = {
			isa = XCConfigurationList;
			buildConfigurations = (
				BAC127C122A83F8400B52862 /* Debug */,
				BAC127C222A83F8400B52862 /* Release */,
			);
			defaultConfigurationIsVisible = 0;
			defaultConfigurationName = Release;
		};
		BAC127C622A83F8400B52862 /* Build configuration list for PBXNativeTarget "GitHubNotificationManagerUIComponentsTests" */ = {
			isa = XCConfigurationList;
			buildConfigurations = (
				BAC127C322A83F8400B52862 /* Debug */,
				BAC127C422A83F8400B52862 /* Release */,
			);
			defaultConfigurationIsVisible = 0;
			defaultConfigurationName = Release;
		};
/* End XCConfigurationList section */

/* Begin XCRemoteSwiftPackageReference section */
		BAC1277D22A83D0900B52862 /* XCRemoteSwiftPackageReference "Nuke" */ = {
			isa = XCRemoteSwiftPackageReference;
			repositoryURL = "https://github.com/kean/Nuke";
			requirement = {
				kind = upToNextMajorVersion;
				minimumVersion = 7.6.3;
			};
		};
/* End XCRemoteSwiftPackageReference section */

/* Begin XCSwiftPackageProductDependency section */
		BAC1277E22A83D0900B52862 /* Nuke */ = {
			isa = XCSwiftPackageProductDependency;
			package = BAC1277D22A83D0900B52862 /* XCRemoteSwiftPackageReference "Nuke" */;
			productName = Nuke;
		};
/* End XCSwiftPackageProductDependency section */
	};
	rootObject = BA60426022A7409300345259 /* Project object */;
}
